// !$*UTF8*$!
{
	archiveVersion = 1;
	classes = {
	};
	objectVersion = 46;
	objects = {

/* Begin PBXBuildFile section */
		3F416E6A1A86C77500EDC347 /* CustomFooterCell.m in Sources */ = {isa = PBXBuildFile; fileRef = 3F416E691A86C77500EDC347 /* CustomFooterCell.m */; };
		3F96AB5A1A86D036000A50F4 /* Main.storyboard in Resources */ = {isa = PBXBuildFile; fileRef = 3F96AB581A86D036000A50F4 /* Main.storyboard */; };
		3FD986131A8466DB0084781B /* CustomHeaderCell.m in Sources */ = {isa = PBXBuildFile; fileRef = 3FD986121A8466DB0084781B /* CustomHeaderCell.m */; };
		45190C301A89BD360030CB05 /* SZTextView.m in Sources */ = {isa = PBXBuildFile; fileRef = 45190C2F1A89BD360030CB05 /* SZTextView.m */; };
		454D92081A7857CD000B74A8 /* Realm.framework in Frameworks */ = {isa = PBXBuildFile; fileRef = 454D92071A7857CD000B74A8 /* Realm.framework */; };
		454D920A1A78581F000B74A8 /* libc++.dylib in Frameworks */ = {isa = PBXBuildFile; fileRef = 454D92091A78581F000B74A8 /* libc++.dylib */; };
		4562F2061A78927200090005 /* CSTaskRealmModel.m in Sources */ = {isa = PBXBuildFile; fileRef = 4562F2051A78927200090005 /* CSTaskRealmModel.m */; };
		4595391E19E38F1F00744747 /* CSSessionManager.m in Sources */ = {isa = PBXBuildFile; fileRef = 4595391D19E38F1F00744747 /* CSSessionManager.m */; };
		459D5F7919DB449900C91EFA /* main.m in Sources */ = {isa = PBXBuildFile; fileRef = 459D5F7819DB449900C91EFA /* main.m */; };
		459D5F7C19DB449900C91EFA /* AppDelegate.m in Sources */ = {isa = PBXBuildFile; fileRef = 459D5F7B19DB449900C91EFA /* AppDelegate.m */; };
		459D5F7F19DB449900C91EFA /* CommSync.xcdatamodeld in Sources */ = {isa = PBXBuildFile; fileRef = 459D5F7D19DB449900C91EFA /* CommSync.xcdatamodeld */; };
		459D5F8719DB449900C91EFA /* Images.xcassets in Resources */ = {isa = PBXBuildFile; fileRef = 459D5F8619DB449900C91EFA /* Images.xcassets */; };
		459D5F8A19DB449900C91EFA /* LaunchScreen.xib in Resources */ = {isa = PBXBuildFile; fileRef = 459D5F8819DB449900C91EFA /* LaunchScreen.xib */; };
		45ADF0401A899A2100D2BF43 /* CSAudioPlotViewController.m in Sources */ = {isa = PBXBuildFile; fileRef = 45ADF03F1A899A2100D2BF43 /* CSAudioPlotViewController.m */; };
		740998301A0C395A00229AFC /* CSSettingsViewController.m in Sources */ = {isa = PBXBuildFile; fileRef = 7409982F1A0C395A00229AFC /* CSSettingsViewController.m */; };
		741DE96D1A92C47300AC488F /* CSTaskProgressTableViewCell.m in Sources */ = {isa = PBXBuildFile; fileRef = 741DE96C1A92C47300AC488F /* CSTaskProgressTableViewCell.m */; };
		741DE9751A92C86800AC488F /* M13ProgressView.m in Sources */ = {isa = PBXBuildFile; fileRef = 741DE9721A92C86800AC488F /* M13ProgressView.m */; };
		741DE9761A92C86800AC488F /* M13ProgressViewRing.m in Sources */ = {isa = PBXBuildFile; fileRef = 741DE9741A92C86800AC488F /* M13ProgressViewRing.m */; };
		7439A51E1A82A786007D0D79 /* UIImage+normalize.m in Sources */ = {isa = PBXBuildFile; fileRef = 7439A51D1A82A786007D0D79 /* UIImage+normalize.m */; };
		7444522F1A0ACEDB00C87723 /* CSUserViewController.m in Sources */ = {isa = PBXBuildFile; fileRef = 7444522E1A0ACEDB00C87723 /* CSUserViewController.m */; };
		746F6A7F1A891DD4007A83E8 /* CoreGraphics.framework in Frameworks */ = {isa = PBXBuildFile; fileRef = 746F6A7E1A891DD4007A83E8 /* CoreGraphics.framework */; };
		746F6A811A891DDC007A83E8 /* Foundation.framework in Frameworks */ = {isa = PBXBuildFile; fileRef = 746F6A801A891DDC007A83E8 /* Foundation.framework */; };
		746F6AAC1A892189007A83E8 /* AudioToolbox.framework in Frameworks */ = {isa = PBXBuildFile; fileRef = 746F6A7A1A891DC7007A83E8 /* AudioToolbox.framework */; };
		746F6AAD1A892191007A83E8 /* GLKit.framework in Frameworks */ = {isa = PBXBuildFile; fileRef = 746F6A781A891DB5007A83E8 /* GLKit.framework */; };
		746F6ACA1A892613007A83E8 /* AEFloatConverter.m in Sources */ = {isa = PBXBuildFile; fileRef = 746F6AB01A892613007A83E8 /* AEFloatConverter.m */; };
		746F6ACB1A892613007A83E8 /* EZAudio.m in Sources */ = {isa = PBXBuildFile; fileRef = 746F6AB21A892613007A83E8 /* EZAudio.m */; };
		746F6ACC1A892613007A83E8 /* EZAudioFile.m in Sources */ = {isa = PBXBuildFile; fileRef = 746F6AB41A892613007A83E8 /* EZAudioFile.m */; };
		746F6ACD1A892613007A83E8 /* EZAudioPlayer.m in Sources */ = {isa = PBXBuildFile; fileRef = 746F6AB61A892613007A83E8 /* EZAudioPlayer.m */; };
		746F6ACE1A892613007A83E8 /* EZAudioPlot.m in Sources */ = {isa = PBXBuildFile; fileRef = 746F6AB81A892613007A83E8 /* EZAudioPlot.m */; };
		746F6ACF1A892613007A83E8 /* EZAudioPlotGL.m in Sources */ = {isa = PBXBuildFile; fileRef = 746F6ABA1A892613007A83E8 /* EZAudioPlotGL.m */; };
		746F6AD01A892613007A83E8 /* EZAudioPlotGLKViewController.m in Sources */ = {isa = PBXBuildFile; fileRef = 746F6ABC1A892613007A83E8 /* EZAudioPlotGLKViewController.m */; };
		746F6AD11A892613007A83E8 /* EZMicrophone.m in Sources */ = {isa = PBXBuildFile; fileRef = 746F6ABE1A892613007A83E8 /* EZMicrophone.m */; };
		746F6AD21A892613007A83E8 /* EZOutput.m in Sources */ = {isa = PBXBuildFile; fileRef = 746F6AC01A892613007A83E8 /* EZOutput.m */; };
		746F6AD31A892613007A83E8 /* EZPlot.m in Sources */ = {isa = PBXBuildFile; fileRef = 746F6AC21A892613007A83E8 /* EZPlot.m */; };
		746F6AD41A892613007A83E8 /* EZRecorder.m in Sources */ = {isa = PBXBuildFile; fileRef = 746F6AC41A892613007A83E8 /* EZRecorder.m */; };
		746F6AD51A892613007A83E8 /* TPCircularBuffer.c in Sources */ = {isa = PBXBuildFile; fileRef = 746F6AC51A892613007A83E8 /* TPCircularBuffer.c */; };
		746F6AD61A892613007A83E8 /* CHANGELOG in Resources */ = {isa = PBXBuildFile; fileRef = 746F6AC81A892613007A83E8 /* CHANGELOG */; };
		746F6AD71A892613007A83E8 /* VERSION in Resources */ = {isa = PBXBuildFile; fileRef = 746F6AC91A892613007A83E8 /* VERSION */; };
		746F6ADA1A8926AA007A83E8 /* AVFoundation.framework in Frameworks */ = {isa = PBXBuildFile; fileRef = 746F6A7C1A891DCC007A83E8 /* AVFoundation.framework */; };
		74C541EB1A93E67100FC29AD /* TLIndexPathController.m in Sources */ = {isa = PBXBuildFile; fileRef = 74C541C11A93E67100FC29AD /* TLIndexPathController.m */; };
		74C541EC1A93E67100FC29AD /* TLIndexPathDataModel.m in Sources */ = {isa = PBXBuildFile; fileRef = 74C541C41A93E67100FC29AD /* TLIndexPathDataModel.m */; };
		74C541ED1A93E67100FC29AD /* TLIndexPathItem.m in Sources */ = {isa = PBXBuildFile; fileRef = 74C541C61A93E67100FC29AD /* TLIndexPathItem.m */; };
		74C541EE1A93E67100FC29AD /* TLIndexPathSectionInfo.m in Sources */ = {isa = PBXBuildFile; fileRef = 74C541C81A93E67100FC29AD /* TLIndexPathSectionInfo.m */; };
		74C541EF1A93E67100FC29AD /* TLIndexPathUpdates.m in Sources */ = {isa = PBXBuildFile; fileRef = 74C541CA1A93E67100FC29AD /* TLIndexPathUpdates.m */; };
		74C541F01A93E67100FC29AD /* TLCollapsibleDataModel.m in Sources */ = {isa = PBXBuildFile; fileRef = 74C541CE1A93E67100FC29AD /* TLCollapsibleDataModel.m */; };
		74C541F11A93E67100FC29AD /* TLCollapsibleHeaderView.m in Sources */ = {isa = PBXBuildFile; fileRef = 74C541D01A93E67100FC29AD /* TLCollapsibleHeaderView.m */; };
		74C541F21A93E67100FC29AD /* TLCollapsibleTableViewController.m in Sources */ = {isa = PBXBuildFile; fileRef = 74C541D21A93E67100FC29AD /* TLCollapsibleTableViewController.m */; };
		74C541F31A93E67100FC29AD /* TLNoResultsTableDataModel.m in Sources */ = {isa = PBXBuildFile; fileRef = 74C541D51A93E67100FC29AD /* TLNoResultsTableDataModel.m */; };
		74C541F41A93E67100FC29AD /* TLDynamicHeightLabelCell.m in Sources */ = {isa = PBXBuildFile; fileRef = 74C541D71A93E67100FC29AD /* TLDynamicHeightLabelCell.m */; };
		74C541F51A93E67100FC29AD /* TLIndexPathTreeItem.m in Sources */ = {isa = PBXBuildFile; fileRef = 74C541DA1A93E67100FC29AD /* TLIndexPathTreeItem.m */; };
		74C541F61A93E67100FC29AD /* TLTreeDataModel.m in Sources */ = {isa = PBXBuildFile; fileRef = 74C541DC1A93E67100FC29AD /* TLTreeDataModel.m */; };
		74C541F71A93E67100FC29AD /* TLTreeTableViewController.m in Sources */ = {isa = PBXBuildFile; fileRef = 74C541DE1A93E67100FC29AD /* TLTreeTableViewController.m */; };
		74C541F81A93E67100FC29AD /* UITableView+ScrollOptimizer.m in Sources */ = {isa = PBXBuildFile; fileRef = 74C541E01A93E67100FC29AD /* UITableView+ScrollOptimizer.m */; };
		74C541F91A93E67100FC29AD /* UITableViewController+ScrollOptimizer.m in Sources */ = {isa = PBXBuildFile; fileRef = 74C541E21A93E67100FC29AD /* UITableViewController+ScrollOptimizer.m */; };
		74C541FA1A93E67100FC29AD /* TLCollectionViewController.m in Sources */ = {isa = PBXBuildFile; fileRef = 74C541E71A93E67100FC29AD /* TLCollectionViewController.m */; };
		74C541FB1A93E67100FC29AD /* TLTableViewController.m in Sources */ = {isa = PBXBuildFile; fileRef = 74C541EA1A93E67100FC29AD /* TLTableViewController.m */; };
		74DA4FCF1A8BE795000A193A /* CSTaskTransientObjectStore.m in Sources */ = {isa = PBXBuildFile; fileRef = 74DA4FCE1A8BE795000A193A /* CSTaskTransientObjectStore.m */; };
		74DB14CE1A7FDDE500ECBADB /* UIKit.framework in Frameworks */ = {isa = PBXBuildFile; fileRef = 74DB14CD1A7FDDE500ECBADB /* UIKit.framework */; };
		74DB14E71A7FDE4300ECBADB /* Connection.m in Sources */ = {isa = PBXBuildFile; fileRef = 74DB14D11A7FDE4300ECBADB /* Connection.m */; };
		74DB14E81A7FDE4300ECBADB /* JKConnection.m in Sources */ = {isa = PBXBuildFile; fileRef = 74DB14D41A7FDE4300ECBADB /* JKConnection.m */; };
		74DB14E91A7FDE4300ECBADB /* JKLocalConnection.m in Sources */ = {isa = PBXBuildFile; fileRef = 74DB14D71A7FDE4300ECBADB /* JKLocalConnection.m */; };
		74DB14EA1A7FDE4300ECBADB /* JKPeer.m in Sources */ = {isa = PBXBuildFile; fileRef = 74DB14D91A7FDE4300ECBADB /* JKPeer.m */; };
		74DB14EB1A7FDE4300ECBADB /* JKPeerConnectivity.m in Sources */ = {isa = PBXBuildFile; fileRef = 74DB14DB1A7FDE4300ECBADB /* JKPeerConnectivity.m */; };
		74DB14EC1A7FDE4300ECBADB /* JKPeerConnectivitySetup.m in Sources */ = {isa = PBXBuildFile; fileRef = 74DB14DE1A7FDE4300ECBADB /* JKPeerConnectivitySetup.m */; };
		74DB14ED1A7FDE4300ECBADB /* JKRemoteConnection.m in Sources */ = {isa = PBXBuildFile; fileRef = 74DB14E01A7FDE4300ECBADB /* JKRemoteConnection.m */; };
		74DB14EE1A7FDE4300ECBADB /* PeerBrowser.m in Sources */ = {isa = PBXBuildFile; fileRef = 74DB14E21A7FDE4300ECBADB /* PeerBrowser.m */; };
		74DB14EF1A7FDE4300ECBADB /* Server.m in Sources */ = {isa = PBXBuildFile; fileRef = 74DB14E51A7FDE4300ECBADB /* Server.m */; };
		933AA1391A71DC9A00DCC10A /* CSTaskTableViewCell.m in Sources */ = {isa = PBXBuildFile; fileRef = 933AA1381A71DC9A00DCC10A /* CSTaskTableViewCell.m */; };
		933AA1411A71DCF100DCC10A /* CSTaskCreationViewController.m in Sources */ = {isa = PBXBuildFile; fileRef = 933AA13C1A71DCF100DCC10A /* CSTaskCreationViewController.m */; };
		933AA1421A71DCF100DCC10A /* CSTaskDetailViewController.m in Sources */ = {isa = PBXBuildFile; fileRef = 933AA13E1A71DCF100DCC10A /* CSTaskDetailViewController.m */; };
		933AA1431A71DCF100DCC10A /* CSTaskListViewController.m in Sources */ = {isa = PBXBuildFile; fileRef = 933AA1401A71DCF100DCC10A /* CSTaskListViewController.m */; };
		954A459D1A806C4C00854726 /* CSCommentRealmModel.m in Sources */ = {isa = PBXBuildFile; fileRef = 954A459C1A806C4C00854726 /* CSCommentRealmModel.m */; };
/* End PBXBuildFile section */

/* Begin PBXFileReference section */
		3F416E681A86C77500EDC347 /* CustomFooterCell.h */ = {isa = PBXFileReference; fileEncoding = 4; lastKnownFileType = sourcecode.c.h; path = CustomFooterCell.h; sourceTree = "<group>"; };
		3F416E691A86C77500EDC347 /* CustomFooterCell.m */ = {isa = PBXFileReference; fileEncoding = 4; lastKnownFileType = sourcecode.c.objc; path = CustomFooterCell.m; sourceTree = "<group>"; };
		3F96AB591A86D036000A50F4 /* Base */ = {isa = PBXFileReference; lastKnownFileType = file.storyboard; name = Base; path = Base.lproj/Main.storyboard; sourceTree = "<group>"; };
		3FD986111A8466DB0084781B /* CustomHeaderCell.h */ = {isa = PBXFileReference; fileEncoding = 4; lastKnownFileType = sourcecode.c.h; path = CustomHeaderCell.h; sourceTree = "<group>"; };
		3FD986121A8466DB0084781B /* CustomHeaderCell.m */ = {isa = PBXFileReference; fileEncoding = 4; lastKnownFileType = sourcecode.c.objc; path = CustomHeaderCell.m; sourceTree = "<group>"; };
		45190C2E1A89BD360030CB05 /* SZTextView.h */ = {isa = PBXFileReference; fileEncoding = 4; lastKnownFileType = sourcecode.c.h; path = SZTextView.h; sourceTree = "<group>"; };
		45190C2F1A89BD360030CB05 /* SZTextView.m */ = {isa = PBXFileReference; fileEncoding = 4; lastKnownFileType = sourcecode.c.objc; path = SZTextView.m; sourceTree = "<group>"; };
		454D92071A7857CD000B74A8 /* Realm.framework */ = {isa = PBXFileReference; lastKnownFileType = wrapper.framework; name = Realm.framework; path = ThirdParty/Realm.framework; sourceTree = "<group>"; };
		454D92091A78581F000B74A8 /* libc++.dylib */ = {isa = PBXFileReference; lastKnownFileType = "compiled.mach-o.dylib"; name = "libc++.dylib"; path = "usr/lib/libc++.dylib"; sourceTree = SDKROOT; };
		4562F2041A78927200090005 /* CSTaskRealmModel.h */ = {isa = PBXFileReference; fileEncoding = 4; lastKnownFileType = sourcecode.c.h; name = CSTaskRealmModel.h; path = Models/CSTaskRealmModel.h; sourceTree = "<group>"; };
		4562F2051A78927200090005 /* CSTaskRealmModel.m */ = {isa = PBXFileReference; fileEncoding = 4; lastKnownFileType = sourcecode.c.objc; name = CSTaskRealmModel.m; path = Models/CSTaskRealmModel.m; sourceTree = "<group>"; };
		4595391C19E38F1F00744747 /* CSSessionManager.h */ = {isa = PBXFileReference; fileEncoding = 4; lastKnownFileType = sourcecode.c.h; name = CSSessionManager.h; path = "Session Management/CSSessionManager.h"; sourceTree = "<group>"; };
		4595391D19E38F1F00744747 /* CSSessionManager.m */ = {isa = PBXFileReference; fileEncoding = 4; lastKnownFileType = sourcecode.c.objc; name = CSSessionManager.m; path = "Session Management/CSSessionManager.m"; sourceTree = "<group>"; };
		459D5F7319DB449900C91EFA /* CommSync.app */ = {isa = PBXFileReference; explicitFileType = wrapper.application; includeInIndex = 0; path = CommSync.app; sourceTree = BUILT_PRODUCTS_DIR; };
		459D5F7719DB449900C91EFA /* Info.plist */ = {isa = PBXFileReference; lastKnownFileType = text.plist.xml; path = Info.plist; sourceTree = "<group>"; };
		459D5F7819DB449900C91EFA /* main.m */ = {isa = PBXFileReference; lastKnownFileType = sourcecode.c.objc; path = main.m; sourceTree = "<group>"; };
		459D5F7A19DB449900C91EFA /* AppDelegate.h */ = {isa = PBXFileReference; lastKnownFileType = sourcecode.c.h; path = AppDelegate.h; sourceTree = "<group>"; };
		459D5F7B19DB449900C91EFA /* AppDelegate.m */ = {isa = PBXFileReference; lastKnownFileType = sourcecode.c.objc; path = AppDelegate.m; sourceTree = "<group>"; };
		459D5F7E19DB449900C91EFA /* CommSync.xcdatamodel */ = {isa = PBXFileReference; lastKnownFileType = wrapper.xcdatamodel; path = CommSync.xcdatamodel; sourceTree = "<group>"; };
		459D5F8619DB449900C91EFA /* Images.xcassets */ = {isa = PBXFileReference; lastKnownFileType = folder.assetcatalog; path = Images.xcassets; sourceTree = "<group>"; };
		459D5F8919DB449900C91EFA /* Base */ = {isa = PBXFileReference; lastKnownFileType = file.xib; name = Base; path = Base.lproj/LaunchScreen.xib; sourceTree = "<group>"; };
		45ADF03E1A899A2100D2BF43 /* CSAudioPlotViewController.h */ = {isa = PBXFileReference; fileEncoding = 4; lastKnownFileType = sourcecode.c.h; name = CSAudioPlotViewController.h; path = ViewControllers/TaskList/CSAudioPlotViewController.h; sourceTree = "<group>"; };
		45ADF03F1A899A2100D2BF43 /* CSAudioPlotViewController.m */ = {isa = PBXFileReference; fileEncoding = 4; lastKnownFileType = sourcecode.c.objc; name = CSAudioPlotViewController.m; path = ViewControllers/TaskList/CSAudioPlotViewController.m; sourceTree = "<group>"; };
		7409982E1A0C395A00229AFC /* CSSettingsViewController.h */ = {isa = PBXFileReference; fileEncoding = 4; lastKnownFileType = sourcecode.c.h; name = CSSettingsViewController.h; path = ViewControllers/CSSettingsViewController.h; sourceTree = "<group>"; };
		7409982F1A0C395A00229AFC /* CSSettingsViewController.m */ = {isa = PBXFileReference; fileEncoding = 4; lastKnownFileType = sourcecode.c.objc; name = CSSettingsViewController.m; path = ViewControllers/CSSettingsViewController.m; sourceTree = "<group>"; };
		741DE96B1A92C47300AC488F /* CSTaskProgressTableViewCell.h */ = {isa = PBXFileReference; fileEncoding = 4; lastKnownFileType = sourcecode.c.h; name = CSTaskProgressTableViewCell.h; path = ViewControllers/TaskList/CSTaskProgressTableViewCell.h; sourceTree = "<group>"; };
		741DE96C1A92C47300AC488F /* CSTaskProgressTableViewCell.m */ = {isa = PBXFileReference; fileEncoding = 4; lastKnownFileType = sourcecode.c.objc; name = CSTaskProgressTableViewCell.m; path = ViewControllers/TaskList/CSTaskProgressTableViewCell.m; sourceTree = "<group>"; };
		741DE9711A92C86800AC488F /* M13ProgressView.h */ = {isa = PBXFileReference; fileEncoding = 4; lastKnownFileType = sourcecode.c.h; path = M13ProgressView.h; sourceTree = "<group>"; };
		741DE9721A92C86800AC488F /* M13ProgressView.m */ = {isa = PBXFileReference; fileEncoding = 4; lastKnownFileType = sourcecode.c.objc; path = M13ProgressView.m; sourceTree = "<group>"; };
		741DE9731A92C86800AC488F /* M13ProgressViewRing.h */ = {isa = PBXFileReference; fileEncoding = 4; lastKnownFileType = sourcecode.c.h; path = M13ProgressViewRing.h; sourceTree = "<group>"; };
		741DE9741A92C86800AC488F /* M13ProgressViewRing.m */ = {isa = PBXFileReference; fileEncoding = 4; lastKnownFileType = sourcecode.c.objc; path = M13ProgressViewRing.m; sourceTree = "<group>"; };
		7439A51C1A82A786007D0D79 /* UIImage+normalize.h */ = {isa = PBXFileReference; fileEncoding = 4; lastKnownFileType = sourcecode.c.h; name = "UIImage+normalize.h"; path = "Categories/UIImage+normalize.h"; sourceTree = "<group>"; };
		7439A51D1A82A786007D0D79 /* UIImage+normalize.m */ = {isa = PBXFileReference; fileEncoding = 4; lastKnownFileType = sourcecode.c.objc; name = "UIImage+normalize.m"; path = "Categories/UIImage+normalize.m"; sourceTree = "<group>"; };
		7444522D1A0ACEDB00C87723 /* CSUserViewController.h */ = {isa = PBXFileReference; fileEncoding = 4; lastKnownFileType = sourcecode.c.h; name = CSUserViewController.h; path = ViewControllers/CSUserViewController.h; sourceTree = "<group>"; };
		7444522E1A0ACEDB00C87723 /* CSUserViewController.m */ = {isa = PBXFileReference; fileEncoding = 4; lastKnownFileType = sourcecode.c.objc; name = CSUserViewController.m; path = ViewControllers/CSUserViewController.m; sourceTree = "<group>"; };
		746F6A781A891DB5007A83E8 /* GLKit.framework */ = {isa = PBXFileReference; lastKnownFileType = wrapper.framework; name = GLKit.framework; path = System/Library/Frameworks/GLKit.framework; sourceTree = SDKROOT; };
		746F6A7A1A891DC7007A83E8 /* AudioToolbox.framework */ = {isa = PBXFileReference; lastKnownFileType = wrapper.framework; name = AudioToolbox.framework; path = System/Library/Frameworks/AudioToolbox.framework; sourceTree = SDKROOT; };
		746F6A7C1A891DCC007A83E8 /* AVFoundation.framework */ = {isa = PBXFileReference; lastKnownFileType = wrapper.framework; name = AVFoundation.framework; path = System/Library/Frameworks/AVFoundation.framework; sourceTree = SDKROOT; };
		746F6A7E1A891DD4007A83E8 /* CoreGraphics.framework */ = {isa = PBXFileReference; lastKnownFileType = wrapper.framework; name = CoreGraphics.framework; path = System/Library/Frameworks/CoreGraphics.framework; sourceTree = SDKROOT; };
		746F6A801A891DDC007A83E8 /* Foundation.framework */ = {isa = PBXFileReference; lastKnownFileType = wrapper.framework; name = Foundation.framework; path = System/Library/Frameworks/Foundation.framework; sourceTree = SDKROOT; };
		746F6AAF1A892613007A83E8 /* AEFloatConverter.h */ = {isa = PBXFileReference; fileEncoding = 4; lastKnownFileType = sourcecode.c.h; path = AEFloatConverter.h; sourceTree = "<group>"; };
		746F6AB01A892613007A83E8 /* AEFloatConverter.m */ = {isa = PBXFileReference; fileEncoding = 4; lastKnownFileType = sourcecode.c.objc; path = AEFloatConverter.m; sourceTree = "<group>"; };
		746F6AB11A892613007A83E8 /* EZAudio.h */ = {isa = PBXFileReference; fileEncoding = 4; lastKnownFileType = sourcecode.c.h; path = EZAudio.h; sourceTree = "<group>"; };
		746F6AB21A892613007A83E8 /* EZAudio.m */ = {isa = PBXFileReference; fileEncoding = 4; lastKnownFileType = sourcecode.c.objc; path = EZAudio.m; sourceTree = "<group>"; };
		746F6AB31A892613007A83E8 /* EZAudioFile.h */ = {isa = PBXFileReference; fileEncoding = 4; lastKnownFileType = sourcecode.c.h; path = EZAudioFile.h; sourceTree = "<group>"; };
		746F6AB41A892613007A83E8 /* EZAudioFile.m */ = {isa = PBXFileReference; fileEncoding = 4; lastKnownFileType = sourcecode.c.objc; path = EZAudioFile.m; sourceTree = "<group>"; };
		746F6AB51A892613007A83E8 /* EZAudioPlayer.h */ = {isa = PBXFileReference; fileEncoding = 4; lastKnownFileType = sourcecode.c.h; path = EZAudioPlayer.h; sourceTree = "<group>"; };
		746F6AB61A892613007A83E8 /* EZAudioPlayer.m */ = {isa = PBXFileReference; fileEncoding = 4; lastKnownFileType = sourcecode.c.objc; path = EZAudioPlayer.m; sourceTree = "<group>"; };
		746F6AB71A892613007A83E8 /* EZAudioPlot.h */ = {isa = PBXFileReference; fileEncoding = 4; lastKnownFileType = sourcecode.c.h; path = EZAudioPlot.h; sourceTree = "<group>"; };
		746F6AB81A892613007A83E8 /* EZAudioPlot.m */ = {isa = PBXFileReference; fileEncoding = 4; lastKnownFileType = sourcecode.c.objc; path = EZAudioPlot.m; sourceTree = "<group>"; };
		746F6AB91A892613007A83E8 /* EZAudioPlotGL.h */ = {isa = PBXFileReference; fileEncoding = 4; lastKnownFileType = sourcecode.c.h; path = EZAudioPlotGL.h; sourceTree = "<group>"; };
		746F6ABA1A892613007A83E8 /* EZAudioPlotGL.m */ = {isa = PBXFileReference; fileEncoding = 4; lastKnownFileType = sourcecode.c.objc; path = EZAudioPlotGL.m; sourceTree = "<group>"; };
		746F6ABB1A892613007A83E8 /* EZAudioPlotGLKViewController.h */ = {isa = PBXFileReference; fileEncoding = 4; lastKnownFileType = sourcecode.c.h; path = EZAudioPlotGLKViewController.h; sourceTree = "<group>"; };
		746F6ABC1A892613007A83E8 /* EZAudioPlotGLKViewController.m */ = {isa = PBXFileReference; fileEncoding = 4; lastKnownFileType = sourcecode.c.objc; path = EZAudioPlotGLKViewController.m; sourceTree = "<group>"; };
		746F6ABD1A892613007A83E8 /* EZMicrophone.h */ = {isa = PBXFileReference; fileEncoding = 4; lastKnownFileType = sourcecode.c.h; path = EZMicrophone.h; sourceTree = "<group>"; };
		746F6ABE1A892613007A83E8 /* EZMicrophone.m */ = {isa = PBXFileReference; fileEncoding = 4; lastKnownFileType = sourcecode.c.objc; path = EZMicrophone.m; sourceTree = "<group>"; };
		746F6ABF1A892613007A83E8 /* EZOutput.h */ = {isa = PBXFileReference; fileEncoding = 4; lastKnownFileType = sourcecode.c.h; path = EZOutput.h; sourceTree = "<group>"; };
		746F6AC01A892613007A83E8 /* EZOutput.m */ = {isa = PBXFileReference; fileEncoding = 4; lastKnownFileType = sourcecode.c.objc; path = EZOutput.m; sourceTree = "<group>"; };
		746F6AC11A892613007A83E8 /* EZPlot.h */ = {isa = PBXFileReference; fileEncoding = 4; lastKnownFileType = sourcecode.c.h; path = EZPlot.h; sourceTree = "<group>"; };
		746F6AC21A892613007A83E8 /* EZPlot.m */ = {isa = PBXFileReference; fileEncoding = 4; lastKnownFileType = sourcecode.c.objc; path = EZPlot.m; sourceTree = "<group>"; };
		746F6AC31A892613007A83E8 /* EZRecorder.h */ = {isa = PBXFileReference; fileEncoding = 4; lastKnownFileType = sourcecode.c.h; path = EZRecorder.h; sourceTree = "<group>"; };
		746F6AC41A892613007A83E8 /* EZRecorder.m */ = {isa = PBXFileReference; fileEncoding = 4; lastKnownFileType = sourcecode.c.objc; path = EZRecorder.m; sourceTree = "<group>"; };
		746F6AC51A892613007A83E8 /* TPCircularBuffer.c */ = {isa = PBXFileReference; fileEncoding = 4; lastKnownFileType = sourcecode.c.c; path = TPCircularBuffer.c; sourceTree = "<group>"; };
		746F6AC61A892613007A83E8 /* TPCircularBuffer.h */ = {isa = PBXFileReference; fileEncoding = 4; lastKnownFileType = sourcecode.c.h; path = TPCircularBuffer.h; sourceTree = "<group>"; };
		746F6AC81A892613007A83E8 /* CHANGELOG */ = {isa = PBXFileReference; fileEncoding = 4; lastKnownFileType = text; path = CHANGELOG; sourceTree = "<group>"; };
		746F6AC91A892613007A83E8 /* VERSION */ = {isa = PBXFileReference; fileEncoding = 4; lastKnownFileType = text; path = VERSION; sourceTree = "<group>"; };
		746F6ADB1A8927EE007A83E8 /* CommSync-Prefix.pch */ = {isa = PBXFileReference; fileEncoding = 4; lastKnownFileType = sourcecode.c.h; path = "CommSync-Prefix.pch"; sourceTree = "<group>"; };
		74C541C01A93E67100FC29AD /* TLIndexPathController.h */ = {isa = PBXFileReference; fileEncoding = 4; lastKnownFileType = sourcecode.c.h; path = TLIndexPathController.h; sourceTree = "<group>"; };
		74C541C11A93E67100FC29AD /* TLIndexPathController.m */ = {isa = PBXFileReference; fileEncoding = 4; lastKnownFileType = sourcecode.c.objc; path = TLIndexPathController.m; sourceTree = "<group>"; };
		74C541C31A93E67100FC29AD /* TLIndexPathDataModel.h */ = {isa = PBXFileReference; fileEncoding = 4; lastKnownFileType = sourcecode.c.h; path = TLIndexPathDataModel.h; sourceTree = "<group>"; };
		74C541C41A93E67100FC29AD /* TLIndexPathDataModel.m */ = {isa = PBXFileReference; fileEncoding = 4; lastKnownFileType = sourcecode.c.objc; path = TLIndexPathDataModel.m; sourceTree = "<group>"; };
		74C541C51A93E67100FC29AD /* TLIndexPathItem.h */ = {isa = PBXFileReference; fileEncoding = 4; lastKnownFileType = sourcecode.c.h; path = TLIndexPathItem.h; sourceTree = "<group>"; };
		74C541C61A93E67100FC29AD /* TLIndexPathItem.m */ = {isa = PBXFileReference; fileEncoding = 4; lastKnownFileType = sourcecode.c.objc; path = TLIndexPathItem.m; sourceTree = "<group>"; };
		74C541C71A93E67100FC29AD /* TLIndexPathSectionInfo.h */ = {isa = PBXFileReference; fileEncoding = 4; lastKnownFileType = sourcecode.c.h; path = TLIndexPathSectionInfo.h; sourceTree = "<group>"; };
		74C541C81A93E67100FC29AD /* TLIndexPathSectionInfo.m */ = {isa = PBXFileReference; fileEncoding = 4; lastKnownFileType = sourcecode.c.objc; path = TLIndexPathSectionInfo.m; sourceTree = "<group>"; };
		74C541C91A93E67100FC29AD /* TLIndexPathUpdates.h */ = {isa = PBXFileReference; fileEncoding = 4; lastKnownFileType = sourcecode.c.h; path = TLIndexPathUpdates.h; sourceTree = "<group>"; };
		74C541CA1A93E67100FC29AD /* TLIndexPathUpdates.m */ = {isa = PBXFileReference; fileEncoding = 4; lastKnownFileType = sourcecode.c.objc; path = TLIndexPathUpdates.m; sourceTree = "<group>"; };
		74C541CD1A93E67100FC29AD /* TLCollapsibleDataModel.h */ = {isa = PBXFileReference; fileEncoding = 4; lastKnownFileType = sourcecode.c.h; path = TLCollapsibleDataModel.h; sourceTree = "<group>"; };
		74C541CE1A93E67100FC29AD /* TLCollapsibleDataModel.m */ = {isa = PBXFileReference; fileEncoding = 4; lastKnownFileType = sourcecode.c.objc; path = TLCollapsibleDataModel.m; sourceTree = "<group>"; };
		74C541CF1A93E67100FC29AD /* TLCollapsibleHeaderView.h */ = {isa = PBXFileReference; fileEncoding = 4; lastKnownFileType = sourcecode.c.h; path = TLCollapsibleHeaderView.h; sourceTree = "<group>"; };
		74C541D01A93E67100FC29AD /* TLCollapsibleHeaderView.m */ = {isa = PBXFileReference; fileEncoding = 4; lastKnownFileType = sourcecode.c.objc; path = TLCollapsibleHeaderView.m; sourceTree = "<group>"; };
		74C541D11A93E67100FC29AD /* TLCollapsibleTableViewController.h */ = {isa = PBXFileReference; fileEncoding = 4; lastKnownFileType = sourcecode.c.h; path = TLCollapsibleTableViewController.h; sourceTree = "<group>"; };
		74C541D21A93E67100FC29AD /* TLCollapsibleTableViewController.m */ = {isa = PBXFileReference; fileEncoding = 4; lastKnownFileType = sourcecode.c.objc; path = TLCollapsibleTableViewController.m; sourceTree = "<group>"; };
		74C541D41A93E67100FC29AD /* TLNoResultsTableDataModel.h */ = {isa = PBXFileReference; fileEncoding = 4; lastKnownFileType = sourcecode.c.h; path = TLNoResultsTableDataModel.h; sourceTree = "<group>"; };
		74C541D51A93E67100FC29AD /* TLNoResultsTableDataModel.m */ = {isa = PBXFileReference; fileEncoding = 4; lastKnownFileType = sourcecode.c.objc; path = TLNoResultsTableDataModel.m; sourceTree = "<group>"; };
		74C541D61A93E67100FC29AD /* TLDynamicHeightLabelCell.h */ = {isa = PBXFileReference; fileEncoding = 4; lastKnownFileType = sourcecode.c.h; path = TLDynamicHeightLabelCell.h; sourceTree = "<group>"; };
		74C541D71A93E67100FC29AD /* TLDynamicHeightLabelCell.m */ = {isa = PBXFileReference; fileEncoding = 4; lastKnownFileType = sourcecode.c.objc; path = TLDynamicHeightLabelCell.m; sourceTree = "<group>"; };
		74C541D91A93E67100FC29AD /* TLIndexPathTreeItem.h */ = {isa = PBXFileReference; fileEncoding = 4; lastKnownFileType = sourcecode.c.h; path = TLIndexPathTreeItem.h; sourceTree = "<group>"; };
		74C541DA1A93E67100FC29AD /* TLIndexPathTreeItem.m */ = {isa = PBXFileReference; fileEncoding = 4; lastKnownFileType = sourcecode.c.objc; path = TLIndexPathTreeItem.m; sourceTree = "<group>"; };
		74C541DB1A93E67100FC29AD /* TLTreeDataModel.h */ = {isa = PBXFileReference; fileEncoding = 4; lastKnownFileType = sourcecode.c.h; path = TLTreeDataModel.h; sourceTree = "<group>"; };
		74C541DC1A93E67100FC29AD /* TLTreeDataModel.m */ = {isa = PBXFileReference; fileEncoding = 4; lastKnownFileType = sourcecode.c.objc; path = TLTreeDataModel.m; sourceTree = "<group>"; };
		74C541DD1A93E67100FC29AD /* TLTreeTableViewController.h */ = {isa = PBXFileReference; fileEncoding = 4; lastKnownFileType = sourcecode.c.h; path = TLTreeTableViewController.h; sourceTree = "<group>"; };
		74C541DE1A93E67100FC29AD /* TLTreeTableViewController.m */ = {isa = PBXFileReference; fileEncoding = 4; lastKnownFileType = sourcecode.c.objc; path = TLTreeTableViewController.m; sourceTree = "<group>"; };
		74C541DF1A93E67100FC29AD /* UITableView+ScrollOptimizer.h */ = {isa = PBXFileReference; fileEncoding = 4; lastKnownFileType = sourcecode.c.h; path = "UITableView+ScrollOptimizer.h"; sourceTree = "<group>"; };
		74C541E01A93E67100FC29AD /* UITableView+ScrollOptimizer.m */ = {isa = PBXFileReference; fileEncoding = 4; lastKnownFileType = sourcecode.c.objc; path = "UITableView+ScrollOptimizer.m"; sourceTree = "<group>"; };
		74C541E11A93E67100FC29AD /* UITableViewController+ScrollOptimizer.h */ = {isa = PBXFileReference; fileEncoding = 4; lastKnownFileType = sourcecode.c.h; path = "UITableViewController+ScrollOptimizer.h"; sourceTree = "<group>"; };
		74C541E21A93E67100FC29AD /* UITableViewController+ScrollOptimizer.m */ = {isa = PBXFileReference; fileEncoding = 4; lastKnownFileType = sourcecode.c.objc; path = "UITableViewController+ScrollOptimizer.m"; sourceTree = "<group>"; };
		74C541E31A93E67100FC29AD /* TLIndexPathTools-Prefix.pch */ = {isa = PBXFileReference; fileEncoding = 4; lastKnownFileType = sourcecode.c.h; path = "TLIndexPathTools-Prefix.pch"; sourceTree = "<group>"; };
		74C541E41A93E67100FC29AD /* TLIndexPathTools.h */ = {isa = PBXFileReference; fileEncoding = 4; lastKnownFileType = sourcecode.c.h; path = TLIndexPathTools.h; sourceTree = "<group>"; };
		74C541E61A93E67100FC29AD /* TLCollectionViewController.h */ = {isa = PBXFileReference; fileEncoding = 4; lastKnownFileType = sourcecode.c.h; path = TLCollectionViewController.h; sourceTree = "<group>"; };
		74C541E71A93E67100FC29AD /* TLCollectionViewController.m */ = {isa = PBXFileReference; fileEncoding = 4; lastKnownFileType = sourcecode.c.objc; path = TLCollectionViewController.m; sourceTree = "<group>"; };
		74C541E81A93E67100FC29AD /* TLDynamicSizeView.h */ = {isa = PBXFileReference; fileEncoding = 4; lastKnownFileType = sourcecode.c.h; path = TLDynamicSizeView.h; sourceTree = "<group>"; };
		74C541E91A93E67100FC29AD /* TLTableViewController.h */ = {isa = PBXFileReference; fileEncoding = 4; lastKnownFileType = sourcecode.c.h; path = TLTableViewController.h; sourceTree = "<group>"; };
		74C541EA1A93E67100FC29AD /* TLTableViewController.m */ = {isa = PBXFileReference; fileEncoding = 4; lastKnownFileType = sourcecode.c.objc; path = TLTableViewController.m; sourceTree = "<group>"; };
		74DA4FCD1A8BE795000A193A /* CSTaskTransientObjectStore.h */ = {isa = PBXFileReference; fileEncoding = 4; lastKnownFileType = sourcecode.c.h; name = CSTaskTransientObjectStore.h; path = Models/CSTaskTransientObjectStore.h; sourceTree = "<group>"; };
		74DA4FCE1A8BE795000A193A /* CSTaskTransientObjectStore.m */ = {isa = PBXFileReference; fileEncoding = 4; lastKnownFileType = sourcecode.c.objc; name = CSTaskTransientObjectStore.m; path = Models/CSTaskTransientObjectStore.m; sourceTree = "<group>"; };
		74DB14CD1A7FDDE500ECBADB /* UIKit.framework */ = {isa = PBXFileReference; lastKnownFileType = wrapper.framework; name = UIKit.framework; path = System/Library/Frameworks/UIKit.framework; sourceTree = SDKROOT; };
		74DB14D01A7FDE4300ECBADB /* Connection.h */ = {isa = PBXFileReference; fileEncoding = 4; lastKnownFileType = sourcecode.c.h; path = Connection.h; sourceTree = "<group>"; };
		74DB14D11A7FDE4300ECBADB /* Connection.m */ = {isa = PBXFileReference; fileEncoding = 4; lastKnownFileType = sourcecode.c.objc; path = Connection.m; sourceTree = "<group>"; };
		74DB14D21A7FDE4300ECBADB /* ConnectionDelegate.h */ = {isa = PBXFileReference; fileEncoding = 4; lastKnownFileType = sourcecode.c.h; path = ConnectionDelegate.h; sourceTree = "<group>"; };
		74DB14D31A7FDE4300ECBADB /* JKConnection.h */ = {isa = PBXFileReference; fileEncoding = 4; lastKnownFileType = sourcecode.c.h; path = JKConnection.h; sourceTree = "<group>"; };
		74DB14D41A7FDE4300ECBADB /* JKConnection.m */ = {isa = PBXFileReference; fileEncoding = 4; lastKnownFileType = sourcecode.c.objc; path = JKConnection.m; sourceTree = "<group>"; };
		74DB14D51A7FDE4300ECBADB /* JKConnectionDelegate.h */ = {isa = PBXFileReference; fileEncoding = 4; lastKnownFileType = sourcecode.c.h; path = JKConnectionDelegate.h; sourceTree = "<group>"; };
		74DB14D61A7FDE4300ECBADB /* JKLocalConnection.h */ = {isa = PBXFileReference; fileEncoding = 4; lastKnownFileType = sourcecode.c.h; path = JKLocalConnection.h; sourceTree = "<group>"; };
		74DB14D71A7FDE4300ECBADB /* JKLocalConnection.m */ = {isa = PBXFileReference; fileEncoding = 4; lastKnownFileType = sourcecode.c.objc; path = JKLocalConnection.m; sourceTree = "<group>"; };
		74DB14D81A7FDE4300ECBADB /* JKPeer.h */ = {isa = PBXFileReference; fileEncoding = 4; lastKnownFileType = sourcecode.c.h; path = JKPeer.h; sourceTree = "<group>"; };
		74DB14D91A7FDE4300ECBADB /* JKPeer.m */ = {isa = PBXFileReference; fileEncoding = 4; lastKnownFileType = sourcecode.c.objc; path = JKPeer.m; sourceTree = "<group>"; };
		74DB14DA1A7FDE4300ECBADB /* JKPeerConnectivity.h */ = {isa = PBXFileReference; fileEncoding = 4; lastKnownFileType = sourcecode.c.h; path = JKPeerConnectivity.h; sourceTree = "<group>"; };
		74DB14DB1A7FDE4300ECBADB /* JKPeerConnectivity.m */ = {isa = PBXFileReference; fileEncoding = 4; lastKnownFileType = sourcecode.c.objc; path = JKPeerConnectivity.m; sourceTree = "<group>"; };
		74DB14DC1A7FDE4300ECBADB /* JKPeerConnectivityDelegate.h */ = {isa = PBXFileReference; fileEncoding = 4; lastKnownFileType = sourcecode.c.h; path = JKPeerConnectivityDelegate.h; sourceTree = "<group>"; };
		74DB14DD1A7FDE4300ECBADB /* JKPeerConnectivitySetup.h */ = {isa = PBXFileReference; fileEncoding = 4; lastKnownFileType = sourcecode.c.h; path = JKPeerConnectivitySetup.h; sourceTree = "<group>"; };
		74DB14DE1A7FDE4300ECBADB /* JKPeerConnectivitySetup.m */ = {isa = PBXFileReference; fileEncoding = 4; lastKnownFileType = sourcecode.c.objc; path = JKPeerConnectivitySetup.m; sourceTree = "<group>"; };
		74DB14DF1A7FDE4300ECBADB /* JKRemoteConnection.h */ = {isa = PBXFileReference; fileEncoding = 4; lastKnownFileType = sourcecode.c.h; path = JKRemoteConnection.h; sourceTree = "<group>"; };
		74DB14E01A7FDE4300ECBADB /* JKRemoteConnection.m */ = {isa = PBXFileReference; fileEncoding = 4; lastKnownFileType = sourcecode.c.objc; path = JKRemoteConnection.m; sourceTree = "<group>"; };
		74DB14E11A7FDE4300ECBADB /* PeerBrowser.h */ = {isa = PBXFileReference; fileEncoding = 4; lastKnownFileType = sourcecode.c.h; path = PeerBrowser.h; sourceTree = "<group>"; };
		74DB14E21A7FDE4300ECBADB /* PeerBrowser.m */ = {isa = PBXFileReference; fileEncoding = 4; lastKnownFileType = sourcecode.c.objc; path = PeerBrowser.m; sourceTree = "<group>"; };
		74DB14E31A7FDE4300ECBADB /* PeerDiscoveryDelegate.h */ = {isa = PBXFileReference; fileEncoding = 4; lastKnownFileType = sourcecode.c.h; path = PeerDiscoveryDelegate.h; sourceTree = "<group>"; };
		74DB14E41A7FDE4300ECBADB /* Server.h */ = {isa = PBXFileReference; fileEncoding = 4; lastKnownFileType = sourcecode.c.h; path = Server.h; sourceTree = "<group>"; };
		74DB14E51A7FDE4300ECBADB /* Server.m */ = {isa = PBXFileReference; fileEncoding = 4; lastKnownFileType = sourcecode.c.objc; path = Server.m; sourceTree = "<group>"; };
		74DB14E61A7FDE4300ECBADB /* ServerDelegate.h */ = {isa = PBXFileReference; fileEncoding = 4; lastKnownFileType = sourcecode.c.h; path = ServerDelegate.h; sourceTree = "<group>"; };
		74DB14F21A7FEAE500ECBADB /* CSFrameworkSupportedConnectivityManager.h */ = {isa = PBXFileReference; fileEncoding = 4; lastKnownFileType = sourcecode.c.h; name = CSFrameworkSupportedConnectivityManager.h; path = "Session Management/Framework Supported/CSFrameworkSupportedConnectivityManager.h"; sourceTree = "<group>"; };
		74DB14F31A7FEAE500ECBADB /* CSFrameworkSupportedConnectivityManager.m */ = {isa = PBXFileReference; fileEncoding = 4; lastKnownFileType = sourcecode.c.objc; name = CSFrameworkSupportedConnectivityManager.m; path = "Session Management/Framework Supported/CSFrameworkSupportedConnectivityManager.m"; sourceTree = "<group>"; };
		74DB14F61A7FEB5000ECBADB /* CSFrameworkSupportedDataServer.h */ = {isa = PBXFileReference; fileEncoding = 4; lastKnownFileType = sourcecode.c.h; name = CSFrameworkSupportedDataServer.h; path = "Session Management/Framework Supported/CSFrameworkSupportedDataServer.h"; sourceTree = "<group>"; };
		74DB14F71A7FEB5000ECBADB /* CSFrameworkSupportedDataServer.m */ = {isa = PBXFileReference; fileEncoding = 4; lastKnownFileType = sourcecode.c.objc; name = CSFrameworkSupportedDataServer.m; path = "Session Management/Framework Supported/CSFrameworkSupportedDataServer.m"; sourceTree = "<group>"; };
		74DB14F91A7FEC1000ECBADB /* CSConnectivityConstants.h */ = {isa = PBXFileReference; fileEncoding = 4; lastKnownFileType = sourcecode.c.h; name = CSConnectivityConstants.h; path = "Session Management/Framework Supported/CSConnectivityConstants.h"; sourceTree = "<group>"; };
		933AA1371A71DC9A00DCC10A /* CSTaskTableViewCell.h */ = {isa = PBXFileReference; fileEncoding = 4; lastKnownFileType = sourcecode.c.h; name = CSTaskTableViewCell.h; path = ViewControllers/TaskList/CSTaskTableViewCell.h; sourceTree = "<group>"; };
		933AA1381A71DC9A00DCC10A /* CSTaskTableViewCell.m */ = {isa = PBXFileReference; fileEncoding = 4; lastKnownFileType = sourcecode.c.objc; name = CSTaskTableViewCell.m; path = ViewControllers/TaskList/CSTaskTableViewCell.m; sourceTree = "<group>"; };
		933AA13B1A71DCF100DCC10A /* CSTaskCreationViewController.h */ = {isa = PBXFileReference; fileEncoding = 4; lastKnownFileType = sourcecode.c.h; name = CSTaskCreationViewController.h; path = ViewControllers/TaskList/CSTaskCreationViewController.h; sourceTree = "<group>"; };
		933AA13C1A71DCF100DCC10A /* CSTaskCreationViewController.m */ = {isa = PBXFileReference; fileEncoding = 4; lastKnownFileType = sourcecode.c.objc; name = CSTaskCreationViewController.m; path = ViewControllers/TaskList/CSTaskCreationViewController.m; sourceTree = "<group>"; };
		933AA13D1A71DCF100DCC10A /* CSTaskDetailViewController.h */ = {isa = PBXFileReference; fileEncoding = 4; lastKnownFileType = sourcecode.c.h; name = CSTaskDetailViewController.h; path = ViewControllers/TaskList/CSTaskDetailViewController.h; sourceTree = "<group>"; };
		933AA13E1A71DCF100DCC10A /* CSTaskDetailViewController.m */ = {isa = PBXFileReference; fileEncoding = 4; lastKnownFileType = sourcecode.c.objc; name = CSTaskDetailViewController.m; path = ViewControllers/TaskList/CSTaskDetailViewController.m; sourceTree = "<group>"; };
		933AA13F1A71DCF100DCC10A /* CSTaskListViewController.h */ = {isa = PBXFileReference; fileEncoding = 4; lastKnownFileType = sourcecode.c.h; name = CSTaskListViewController.h; path = ViewControllers/TaskList/CSTaskListViewController.h; sourceTree = "<group>"; };
		933AA1401A71DCF100DCC10A /* CSTaskListViewController.m */ = {isa = PBXFileReference; fileEncoding = 4; lastKnownFileType = sourcecode.c.objc; name = CSTaskListViewController.m; path = ViewControllers/TaskList/CSTaskListViewController.m; sourceTree = "<group>"; };
		954A459B1A806C4C00854726 /* CSCommentRealmModel.h */ = {isa = PBXFileReference; fileEncoding = 4; lastKnownFileType = sourcecode.c.h; path = CSCommentRealmModel.h; sourceTree = "<group>"; };
		954A459C1A806C4C00854726 /* CSCommentRealmModel.m */ = {isa = PBXFileReference; fileEncoding = 4; lastKnownFileType = sourcecode.c.objc; path = CSCommentRealmModel.m; sourceTree = "<group>"; };
/* End PBXFileReference section */

/* Begin PBXFrameworksBuildPhase section */
		459D5F7019DB449900C91EFA /* Frameworks */ = {
			isa = PBXFrameworksBuildPhase;
			buildActionMask = 2147483647;
			files = (
				746F6ADA1A8926AA007A83E8 /* AVFoundation.framework in Frameworks */,
				746F6AAD1A892191007A83E8 /* GLKit.framework in Frameworks */,
				746F6AAC1A892189007A83E8 /* AudioToolbox.framework in Frameworks */,
				454D920A1A78581F000B74A8 /* libc++.dylib in Frameworks */,
				454D92081A7857CD000B74A8 /* Realm.framework in Frameworks */,
				746F6A7F1A891DD4007A83E8 /* CoreGraphics.framework in Frameworks */,
				74DB14CE1A7FDDE500ECBADB /* UIKit.framework in Frameworks */,
				746F6A811A891DDC007A83E8 /* Foundation.framework in Frameworks */,
			);
			runOnlyForDeploymentPostprocessing = 0;
		};
/* End PBXFrameworksBuildPhase section */

/* Begin PBXGroup section */
		3F416E641A86A6EC00EDC347 /* Task Detail */ = {
			isa = PBXGroup;
			children = (
				3FD986121A8466DB0084781B /* CustomHeaderCell.m */,
				3FD986111A8466DB0084781B /* CustomHeaderCell.h */,
				3F416E681A86C77500EDC347 /* CustomFooterCell.h */,
				3F416E691A86C77500EDC347 /* CustomFooterCell.m */,
				933AA13D1A71DCF100DCC10A /* CSTaskDetailViewController.h */,
				933AA13E1A71DCF100DCC10A /* CSTaskDetailViewController.m */,
			);
			name = "Task Detail";
			sourceTree = "<group>";
		};
		45190C2C1A89BD130030CB05 /* iOS Frameworks */ = {
			isa = PBXGroup;
			children = (
				746F6A801A891DDC007A83E8 /* Foundation.framework */,
				746F6A7E1A891DD4007A83E8 /* CoreGraphics.framework */,
				746F6A7C1A891DCC007A83E8 /* AVFoundation.framework */,
				746F6A7A1A891DC7007A83E8 /* AudioToolbox.framework */,
				746F6A781A891DB5007A83E8 /* GLKit.framework */,
				74DB14CD1A7FDDE500ECBADB /* UIKit.framework */,
			);
			name = "iOS Frameworks";
			sourceTree = "<group>";
		};
		45190C2D1A89BD360030CB05 /* SZTextView */ = {
			isa = PBXGroup;
			children = (
				45190C2E1A89BD360030CB05 /* SZTextView.h */,
				45190C2F1A89BD360030CB05 /* SZTextView.m */,
			);
			name = SZTextView;
			path = ThirdParty/SZTextView;
			sourceTree = "<group>";
		};
		454D92061A7857AA000B74A8 /* Frameworks */ = {
			isa = PBXGroup;
			children = (
				74C541BE1A93E67100FC29AD /* TLIndexPathTools */,
				741DE9701A92C86800AC488F /* M13ProgressView */,
				45190C2D1A89BD360030CB05 /* SZTextView */,
				45190C2C1A89BD130030CB05 /* iOS Frameworks */,
				454D92071A7857CD000B74A8 /* Realm.framework */,
				746F6AAE1A892613007A83E8 /* EZAudio */,
				74DB14CF1A7FDE4300ECBADB /* JKConnectivityBETA */,
			);
			name = Frameworks;
			sourceTree = "<group>";
		};
		4595391F19E38F2F00744747 /* Session Management */ = {
			isa = PBXGroup;
			children = (
				4595391C19E38F1F00744747 /* CSSessionManager.h */,
				4595391D19E38F1F00744747 /* CSSessionManager.m */,
				74DB14F51A7FEAEB00ECBADB /* Framework Supported */,
			);
			name = "Session Management";
			sourceTree = "<group>";
		};
		459D5F6A19DB449900C91EFA = {
			isa = PBXGroup;
			children = (
				454D92091A78581F000B74A8 /* libc++.dylib */,
				459D5F7519DB449900C91EFA /* CommSync */,
				459D5F7419DB449900C91EFA /* Products */,
			);
			sourceTree = "<group>";
		};
		459D5F7419DB449900C91EFA /* Products */ = {
			isa = PBXGroup;
			children = (
				459D5F7319DB449900C91EFA /* CommSync.app */,
			);
			name = Products;
			sourceTree = "<group>";
		};
		459D5F7519DB449900C91EFA /* CommSync */ = {
			isa = PBXGroup;
			children = (
				7439A51B1A82A748007D0D79 /* Categories */,
				454D92061A7857AA000B74A8 /* Frameworks */,
				7409982D1A0C178000229AFC /* Task Management */,
				933AA1331A71DA7200DCC10A /* Models */,
				459D5F7A19DB449900C91EFA /* AppDelegate.h */,
				459D5F7B19DB449900C91EFA /* AppDelegate.m */,
				744452291A0ACE2700C87723 /* ViewControllers */,
				4595391F19E38F2F00744747 /* Session Management */,
				459D5F8619DB449900C91EFA /* Images.xcassets */,
				459D5F8819DB449900C91EFA /* LaunchScreen.xib */,
				459D5F7D19DB449900C91EFA /* CommSync.xcdatamodeld */,
				3F96AB581A86D036000A50F4 /* Main.storyboard */,
				459D5F7619DB449900C91EFA /* Supporting Files */,
			);
			path = CommSync;
			sourceTree = "<group>";
		};
		459D5F7619DB449900C91EFA /* Supporting Files */ = {
			isa = PBXGroup;
			children = (
				459D5F7719DB449900C91EFA /* Info.plist */,
				459D5F7819DB449900C91EFA /* main.m */,
				746F6ADB1A8927EE007A83E8 /* CommSync-Prefix.pch */,
			);
			name = "Supporting Files";
			sourceTree = "<group>";
		};
		7409982D1A0C178000229AFC /* Task Management */ = {
			isa = PBXGroup;
			children = (
			);
			name = "Task Management";
			sourceTree = "<group>";
		};
		741DE96E1A92C47D00AC488F /* Table Cells */ = {
			isa = PBXGroup;
			children = (
				933AA1371A71DC9A00DCC10A /* CSTaskTableViewCell.h */,
				933AA1381A71DC9A00DCC10A /* CSTaskTableViewCell.m */,
				741DE96B1A92C47300AC488F /* CSTaskProgressTableViewCell.h */,
				741DE96C1A92C47300AC488F /* CSTaskProgressTableViewCell.m */,
			);
			name = "Table Cells";
			sourceTree = "<group>";
		};
		741DE9701A92C86800AC488F /* M13ProgressView */ = {
			isa = PBXGroup;
			children = (
				741DE9711A92C86800AC488F /* M13ProgressView.h */,
				741DE9721A92C86800AC488F /* M13ProgressView.m */,
				741DE9731A92C86800AC488F /* M13ProgressViewRing.h */,
				741DE9741A92C86800AC488F /* M13ProgressViewRing.m */,
			);
			name = M13ProgressView;
			path = ThirdParty/M13ProgressView;
			sourceTree = "<group>";
		};
		7439A51B1A82A748007D0D79 /* Categories */ = {
			isa = PBXGroup;
			children = (
				7439A51C1A82A786007D0D79 /* UIImage+normalize.h */,
				7439A51D1A82A786007D0D79 /* UIImage+normalize.m */,
			);
			name = Categories;
			sourceTree = "<group>";
		};
		744452291A0ACE2700C87723 /* ViewControllers */ = {
			isa = PBXGroup;
			children = (
				933AA13A1A71DCA800DCC10A /* TaskList */,
				7444522D1A0ACEDB00C87723 /* CSUserViewController.h */,
				7444522E1A0ACEDB00C87723 /* CSUserViewController.m */,
				7409982E1A0C395A00229AFC /* CSSettingsViewController.h */,
				7409982F1A0C395A00229AFC /* CSSettingsViewController.m */,
			);
			name = ViewControllers;
			sourceTree = "<group>";
		};
		746F6AAE1A892613007A83E8 /* EZAudio */ = {
			isa = PBXGroup;
			children = (
				746F6AAF1A892613007A83E8 /* AEFloatConverter.h */,
				746F6AB01A892613007A83E8 /* AEFloatConverter.m */,
				746F6AB11A892613007A83E8 /* EZAudio.h */,
				746F6AB21A892613007A83E8 /* EZAudio.m */,
				746F6AB31A892613007A83E8 /* EZAudioFile.h */,
				746F6AB41A892613007A83E8 /* EZAudioFile.m */,
				746F6AB51A892613007A83E8 /* EZAudioPlayer.h */,
				746F6AB61A892613007A83E8 /* EZAudioPlayer.m */,
				746F6AB71A892613007A83E8 /* EZAudioPlot.h */,
				746F6AB81A892613007A83E8 /* EZAudioPlot.m */,
				746F6AB91A892613007A83E8 /* EZAudioPlotGL.h */,
				746F6ABA1A892613007A83E8 /* EZAudioPlotGL.m */,
				746F6ABB1A892613007A83E8 /* EZAudioPlotGLKViewController.h */,
				746F6ABC1A892613007A83E8 /* EZAudioPlotGLKViewController.m */,
				746F6ABD1A892613007A83E8 /* EZMicrophone.h */,
				746F6ABE1A892613007A83E8 /* EZMicrophone.m */,
				746F6ABF1A892613007A83E8 /* EZOutput.h */,
				746F6AC01A892613007A83E8 /* EZOutput.m */,
				746F6AC11A892613007A83E8 /* EZPlot.h */,
				746F6AC21A892613007A83E8 /* EZPlot.m */,
				746F6AC31A892613007A83E8 /* EZRecorder.h */,
				746F6AC41A892613007A83E8 /* EZRecorder.m */,
				746F6AC51A892613007A83E8 /* TPCircularBuffer.c */,
				746F6AC61A892613007A83E8 /* TPCircularBuffer.h */,
				746F6AC71A892613007A83E8 /* VERSION */,
			);
			name = EZAudio;
			path = ThirdParty/EZAudio;
			sourceTree = "<group>";
		};
		746F6AC71A892613007A83E8 /* VERSION */ = {
			isa = PBXGroup;
			children = (
				746F6AC81A892613007A83E8 /* CHANGELOG */,
				746F6AC91A892613007A83E8 /* VERSION */,
			);
			path = VERSION;
			sourceTree = "<group>";
		};
		74C541BE1A93E67100FC29AD /* TLIndexPathTools */ = {
			isa = PBXGroup;
			children = (
				74C541BF1A93E67100FC29AD /* Controllers */,
				74C541C21A93E67100FC29AD /* Data Model */,
				74C541CB1A93E67100FC29AD /* Extensions */,
				74C541E31A93E67100FC29AD /* TLIndexPathTools-Prefix.pch */,
				74C541E41A93E67100FC29AD /* TLIndexPathTools.h */,
				74C541E51A93E67100FC29AD /* View Controllers */,
			);
			name = TLIndexPathTools;
			path = ThirdParty/TLIndexPathTools;
			sourceTree = "<group>";
		};
		74C541BF1A93E67100FC29AD /* Controllers */ = {
			isa = PBXGroup;
			children = (
				74C541C01A93E67100FC29AD /* TLIndexPathController.h */,
				74C541C11A93E67100FC29AD /* TLIndexPathController.m */,
			);
			path = Controllers;
			sourceTree = "<group>";
		};
		74C541C21A93E67100FC29AD /* Data Model */ = {
			isa = PBXGroup;
			children = (
				74C541C31A93E67100FC29AD /* TLIndexPathDataModel.h */,
				74C541C41A93E67100FC29AD /* TLIndexPathDataModel.m */,
				74C541C51A93E67100FC29AD /* TLIndexPathItem.h */,
				74C541C61A93E67100FC29AD /* TLIndexPathItem.m */,
				74C541C71A93E67100FC29AD /* TLIndexPathSectionInfo.h */,
				74C541C81A93E67100FC29AD /* TLIndexPathSectionInfo.m */,
				74C541C91A93E67100FC29AD /* TLIndexPathUpdates.h */,
				74C541CA1A93E67100FC29AD /* TLIndexPathUpdates.m */,
			);
			path = "Data Model";
			sourceTree = "<group>";
		};
		74C541CB1A93E67100FC29AD /* Extensions */ = {
			isa = PBXGroup;
			children = (
				74C541CC1A93E67100FC29AD /* Collapsible */,
				74C541D31A93E67100FC29AD /* No Results */,
				74C541D61A93E67100FC29AD /* TLDynamicHeightLabelCell.h */,
				74C541D71A93E67100FC29AD /* TLDynamicHeightLabelCell.m */,
				74C541D81A93E67100FC29AD /* Tree */,
				74C541DF1A93E67100FC29AD /* UITableView+ScrollOptimizer.h */,
				74C541E01A93E67100FC29AD /* UITableView+ScrollOptimizer.m */,
				74C541E11A93E67100FC29AD /* UITableViewController+ScrollOptimizer.h */,
				74C541E21A93E67100FC29AD /* UITableViewController+ScrollOptimizer.m */,
			);
			path = Extensions;
			sourceTree = "<group>";
		};
		74C541CC1A93E67100FC29AD /* Collapsible */ = {
			isa = PBXGroup;
			children = (
				74C541CD1A93E67100FC29AD /* TLCollapsibleDataModel.h */,
				74C541CE1A93E67100FC29AD /* TLCollapsibleDataModel.m */,
				74C541CF1A93E67100FC29AD /* TLCollapsibleHeaderView.h */,
				74C541D01A93E67100FC29AD /* TLCollapsibleHeaderView.m */,
				74C541D11A93E67100FC29AD /* TLCollapsibleTableViewController.h */,
				74C541D21A93E67100FC29AD /* TLCollapsibleTableViewController.m */,
			);
			path = Collapsible;
			sourceTree = "<group>";
		};
		74C541D31A93E67100FC29AD /* No Results */ = {
			isa = PBXGroup;
			children = (
				74C541D41A93E67100FC29AD /* TLNoResultsTableDataModel.h */,
				74C541D51A93E67100FC29AD /* TLNoResultsTableDataModel.m */,
			);
			path = "No Results";
			sourceTree = "<group>";
		};
		74C541D81A93E67100FC29AD /* Tree */ = {
			isa = PBXGroup;
			children = (
				74C541D91A93E67100FC29AD /* TLIndexPathTreeItem.h */,
				74C541DA1A93E67100FC29AD /* TLIndexPathTreeItem.m */,
				74C541DB1A93E67100FC29AD /* TLTreeDataModel.h */,
				74C541DC1A93E67100FC29AD /* TLTreeDataModel.m */,
				74C541DD1A93E67100FC29AD /* TLTreeTableViewController.h */,
				74C541DE1A93E67100FC29AD /* TLTreeTableViewController.m */,
			);
			path = Tree;
			sourceTree = "<group>";
		};
		74C541E51A93E67100FC29AD /* View Controllers */ = {
			isa = PBXGroup;
			children = (
				74C541E61A93E67100FC29AD /* TLCollectionViewController.h */,
				74C541E71A93E67100FC29AD /* TLCollectionViewController.m */,
				74C541E81A93E67100FC29AD /* TLDynamicSizeView.h */,
				74C541E91A93E67100FC29AD /* TLTableViewController.h */,
				74C541EA1A93E67100FC29AD /* TLTableViewController.m */,
			);
			path = "View Controllers";
			sourceTree = "<group>";
		};
		74DB14CF1A7FDE4300ECBADB /* JKConnectivityBETA */ = {
			isa = PBXGroup;
			children = (
				74DB14F01A7FE22000ECBADB /* High Level Interface */,
				74DB14F11A7FE22D00ECBADB /* Low Level */,
			);
			name = JKConnectivityBETA;
			path = ThirdParty/JKConnectivityBETA;
			sourceTree = "<group>";
		};
		74DB14F01A7FE22000ECBADB /* High Level Interface */ = {
			isa = PBXGroup;
			children = (
				74DB14D31A7FDE4300ECBADB /* JKConnection.h */,
				74DB14D41A7FDE4300ECBADB /* JKConnection.m */,
				74DB14D51A7FDE4300ECBADB /* JKConnectionDelegate.h */,
				74DB14D61A7FDE4300ECBADB /* JKLocalConnection.h */,
				74DB14D71A7FDE4300ECBADB /* JKLocalConnection.m */,
				74DB14D81A7FDE4300ECBADB /* JKPeer.h */,
				74DB14D91A7FDE4300ECBADB /* JKPeer.m */,
				74DB14DA1A7FDE4300ECBADB /* JKPeerConnectivity.h */,
				74DB14DB1A7FDE4300ECBADB /* JKPeerConnectivity.m */,
				74DB14DC1A7FDE4300ECBADB /* JKPeerConnectivityDelegate.h */,
				74DB14DD1A7FDE4300ECBADB /* JKPeerConnectivitySetup.h */,
				74DB14DE1A7FDE4300ECBADB /* JKPeerConnectivitySetup.m */,
				74DB14DF1A7FDE4300ECBADB /* JKRemoteConnection.h */,
				74DB14E01A7FDE4300ECBADB /* JKRemoteConnection.m */,
			);
			name = "High Level Interface";
			sourceTree = "<group>";
		};
		74DB14F11A7FE22D00ECBADB /* Low Level */ = {
			isa = PBXGroup;
			children = (
				74DB14D01A7FDE4300ECBADB /* Connection.h */,
				74DB14D11A7FDE4300ECBADB /* Connection.m */,
				74DB14D21A7FDE4300ECBADB /* ConnectionDelegate.h */,
				74DB14E11A7FDE4300ECBADB /* PeerBrowser.h */,
				74DB14E21A7FDE4300ECBADB /* PeerBrowser.m */,
				74DB14E31A7FDE4300ECBADB /* PeerDiscoveryDelegate.h */,
				74DB14E41A7FDE4300ECBADB /* Server.h */,
				74DB14E51A7FDE4300ECBADB /* Server.m */,
				74DB14E61A7FDE4300ECBADB /* ServerDelegate.h */,
			);
			name = "Low Level";
			sourceTree = "<group>";
		};
		74DB14F51A7FEAEB00ECBADB /* Framework Supported */ = {
			isa = PBXGroup;
			children = (
				74DB14F21A7FEAE500ECBADB /* CSFrameworkSupportedConnectivityManager.h */,
				74DB14F31A7FEAE500ECBADB /* CSFrameworkSupportedConnectivityManager.m */,
				74DB14F61A7FEB5000ECBADB /* CSFrameworkSupportedDataServer.h */,
				74DB14F71A7FEB5000ECBADB /* CSFrameworkSupportedDataServer.m */,
				74DB14F91A7FEC1000ECBADB /* CSConnectivityConstants.h */,
			);
			name = "Framework Supported";
			sourceTree = "<group>";
		};
		933AA1331A71DA7200DCC10A /* Models */ = {
			isa = PBXGroup;
			children = (
				4562F2041A78927200090005 /* CSTaskRealmModel.h */,
				74DA4FCD1A8BE795000A193A /* CSTaskTransientObjectStore.h */,
				74DA4FCE1A8BE795000A193A /* CSTaskTransientObjectStore.m */,
				4562F2051A78927200090005 /* CSTaskRealmModel.m */,
				954A459B1A806C4C00854726 /* CSCommentRealmModel.h */,
				954A459C1A806C4C00854726 /* CSCommentRealmModel.m */,
			);
			name = Models;
			sourceTree = "<group>";
		};
		933AA13A1A71DCA800DCC10A /* TaskList */ = {
			isa = PBXGroup;
			children = (
				933AA13F1A71DCF100DCC10A /* CSTaskListViewController.h */,
				933AA1401A71DCF100DCC10A /* CSTaskListViewController.m */,
				741DE96E1A92C47D00AC488F /* Table Cells */,
				933AA13B1A71DCF100DCC10A /* CSTaskCreationViewController.h */,
				933AA13C1A71DCF100DCC10A /* CSTaskCreationViewController.m */,
				3F416E641A86A6EC00EDC347 /* Task Detail */,
				45ADF03E1A899A2100D2BF43 /* CSAudioPlotViewController.h */,
				45ADF03F1A899A2100D2BF43 /* CSAudioPlotViewController.m */,
			);
			name = TaskList;
			sourceTree = "<group>";
		};
/* End PBXGroup section */

/* Begin PBXNativeTarget section */
		459D5F7219DB449900C91EFA /* CommSync */ = {
			isa = PBXNativeTarget;
			buildConfigurationList = 459D5F9919DB449A00C91EFA /* Build configuration list for PBXNativeTarget "CommSync" */;
			buildPhases = (
				459D5F6F19DB449900C91EFA /* Sources */,
				459D5F7019DB449900C91EFA /* Frameworks */,
				459D5F7119DB449900C91EFA /* Resources */,
			);
			buildRules = (
			);
			dependencies = (
			);
			name = CommSync;
			productName = CommSync;
			productReference = 459D5F7319DB449900C91EFA /* CommSync.app */;
			productType = "com.apple.product-type.application";
		};
/* End PBXNativeTarget section */

/* Begin PBXProject section */
		459D5F6B19DB449900C91EFA /* Project object */ = {
			isa = PBXProject;
			attributes = {
				LastUpgradeCheck = 0610;
				ORGANIZATIONNAME = AppsByDLI;
				TargetAttributes = {
					459D5F7219DB449900C91EFA = {
						CreatedOnToolsVersion = 6.0.1;
						DevelopmentTeam = 8EGNUMD5CB;
					};
				};
			};
			buildConfigurationList = 459D5F6E19DB449900C91EFA /* Build configuration list for PBXProject "CommSync" */;
			compatibilityVersion = "Xcode 3.2";
			developmentRegion = English;
			hasScannedForEncodings = 0;
			knownRegions = (
				en,
				Base,
			);
			mainGroup = 459D5F6A19DB449900C91EFA;
			productRefGroup = 459D5F7419DB449900C91EFA /* Products */;
			projectDirPath = "";
			projectRoot = "";
			targets = (
				459D5F7219DB449900C91EFA /* CommSync */,
			);
		};
/* End PBXProject section */

/* Begin PBXResourcesBuildPhase section */
		459D5F7119DB449900C91EFA /* Resources */ = {
			isa = PBXResourcesBuildPhase;
			buildActionMask = 2147483647;
			files = (
				459D5F8A19DB449900C91EFA /* LaunchScreen.xib in Resources */,
				746F6AD61A892613007A83E8 /* CHANGELOG in Resources */,
				3F96AB5A1A86D036000A50F4 /* Main.storyboard in Resources */,
				459D5F8719DB449900C91EFA /* Images.xcassets in Resources */,
				746F6AD71A892613007A83E8 /* VERSION in Resources */,
			);
			runOnlyForDeploymentPostprocessing = 0;
		};
/* End PBXResourcesBuildPhase section */

/* Begin PBXSourcesBuildPhase section */
		459D5F6F19DB449900C91EFA /* Sources */ = {
			isa = PBXSourcesBuildPhase;
			buildActionMask = 2147483647;
			files = (
				74C541ED1A93E67100FC29AD /* TLIndexPathItem.m in Sources */,
				933AA1411A71DCF100DCC10A /* CSTaskCreationViewController.m in Sources */,
				74DB14EE1A7FDE4300ECBADB /* PeerBrowser.m in Sources */,
				74C541FB1A93E67100FC29AD /* TLTableViewController.m in Sources */,
				459D5F7F19DB449900C91EFA /* CommSync.xcdatamodeld in Sources */,
				7439A51E1A82A786007D0D79 /* UIImage+normalize.m in Sources */,
				74C541F71A93E67100FC29AD /* TLTreeTableViewController.m in Sources */,
				74DB14E91A7FDE4300ECBADB /* JKLocalConnection.m in Sources */,
				746F6ACF1A892613007A83E8 /* EZAudioPlotGL.m in Sources */,
				74C541F11A93E67100FC29AD /* TLCollapsibleHeaderView.m in Sources */,
				746F6AD51A892613007A83E8 /* TPCircularBuffer.c in Sources */,
				74C541F01A93E67100FC29AD /* TLCollapsibleDataModel.m in Sources */,
				746F6ACB1A892613007A83E8 /* EZAudio.m in Sources */,
				74C541F91A93E67100FC29AD /* UITableViewController+ScrollOptimizer.m in Sources */,
				740998301A0C395A00229AFC /* CSSettingsViewController.m in Sources */,
				741DE96D1A92C47300AC488F /* CSTaskProgressTableViewCell.m in Sources */,
				74C541F81A93E67100FC29AD /* UITableView+ScrollOptimizer.m in Sources */,
				74DB14EA1A7FDE4300ECBADB /* JKPeer.m in Sources */,
				746F6ACD1A892613007A83E8 /* EZAudioPlayer.m in Sources */,
				933AA1421A71DCF100DCC10A /* CSTaskDetailViewController.m in Sources */,
				746F6ACC1A892613007A83E8 /* EZAudioFile.m in Sources */,
				933AA1431A71DCF100DCC10A /* CSTaskListViewController.m in Sources */,
				74DA4FCF1A8BE795000A193A /* CSTaskTransientObjectStore.m in Sources */,
				746F6AD31A892613007A83E8 /* EZPlot.m in Sources */,
				74DB14EC1A7FDE4300ECBADB /* JKPeerConnectivitySetup.m in Sources */,
				45ADF0401A899A2100D2BF43 /* CSAudioPlotViewController.m in Sources */,
				459D5F7C19DB449900C91EFA /* AppDelegate.m in Sources */,
				74C541F51A93E67100FC29AD /* TLIndexPathTreeItem.m in Sources */,
				933AA1391A71DC9A00DCC10A /* CSTaskTableViewCell.m in Sources */,
				74DB14ED1A7FDE4300ECBADB /* JKRemoteConnection.m in Sources */,
				741DE9751A92C86800AC488F /* M13ProgressView.m in Sources */,
				746F6ACE1A892613007A83E8 /* EZAudioPlot.m in Sources */,
				74C541EB1A93E67100FC29AD /* TLIndexPathController.m in Sources */,
				7444522F1A0ACEDB00C87723 /* CSUserViewController.m in Sources */,
				4562F2061A78927200090005 /* CSTaskRealmModel.m in Sources */,
				746F6ACA1A892613007A83E8 /* AEFloatConverter.m in Sources */,
				74C541F41A93E67100FC29AD /* TLDynamicHeightLabelCell.m in Sources */,
				746F6AD01A892613007A83E8 /* EZAudioPlotGLKViewController.m in Sources */,
				746F6AD21A892613007A83E8 /* EZOutput.m in Sources */,
				74DB14EF1A7FDE4300ECBADB /* Server.m in Sources */,
				4595391E19E38F1F00744747 /* CSSessionManager.m in Sources */,
				3FD986131A8466DB0084781B /* CustomHeaderCell.m in Sources */,
				74C541F31A93E67100FC29AD /* TLNoResultsTableDataModel.m in Sources */,
				74C541F21A93E67100FC29AD /* TLCollapsibleTableViewController.m in Sources */,
				459D5F7919DB449900C91EFA /* main.m in Sources */,
				741DE9761A92C86800AC488F /* M13ProgressViewRing.m in Sources */,
				954A459D1A806C4C00854726 /* CSCommentRealmModel.m in Sources */,
				74DB14E71A7FDE4300ECBADB /* Connection.m in Sources */,
				74C541EF1A93E67100FC29AD /* TLIndexPathUpdates.m in Sources */,
				74C541EC1A93E67100FC29AD /* TLIndexPathDataModel.m in Sources */,
				746F6AD11A892613007A83E8 /* EZMicrophone.m in Sources */,
				746F6AD41A892613007A83E8 /* EZRecorder.m in Sources */,
				45190C301A89BD360030CB05 /* SZTextView.m in Sources */,
				74C541FA1A93E67100FC29AD /* TLCollectionViewController.m in Sources */,
				74DB14E81A7FDE4300ECBADB /* JKConnection.m in Sources */,
				74C541EE1A93E67100FC29AD /* TLIndexPathSectionInfo.m in Sources */,
				74DB14EB1A7FDE4300ECBADB /* JKPeerConnectivity.m in Sources */,
				3F416E6A1A86C77500EDC347 /* CustomFooterCell.m in Sources */,
				74C541F61A93E67100FC29AD /* TLTreeDataModel.m in Sources */,
			);
			runOnlyForDeploymentPostprocessing = 0;
		};
/* End PBXSourcesBuildPhase section */

/* Begin PBXVariantGroup section */
		3F96AB581A86D036000A50F4 /* Main.storyboard */ = {
			isa = PBXVariantGroup;
			children = (
				3F96AB591A86D036000A50F4 /* Base */,
			);
			name = Main.storyboard;
			sourceTree = "<group>";
		};
		459D5F8819DB449900C91EFA /* LaunchScreen.xib */ = {
			isa = PBXVariantGroup;
			children = (
				459D5F8919DB449900C91EFA /* Base */,
			);
			name = LaunchScreen.xib;
			sourceTree = "<group>";
		};
/* End PBXVariantGroup section */

/* Begin XCBuildConfiguration section */
		459D5F9719DB449A00C91EFA /* Debug */ = {
			isa = XCBuildConfiguration;
			buildSettings = {
				ALWAYS_SEARCH_USER_PATHS = NO;
				CLANG_CXX_LANGUAGE_STANDARD = "gnu++0x";
				CLANG_CXX_LIBRARY = "libc++";
				CLANG_ENABLE_MODULES = YES;
				CLANG_ENABLE_OBJC_ARC = YES;
				CLANG_WARN_BOOL_CONVERSION = YES;
				CLANG_WARN_CONSTANT_CONVERSION = YES;
				CLANG_WARN_DIRECT_OBJC_ISA_USAGE = YES_ERROR;
				CLANG_WARN_EMPTY_BODY = YES;
				CLANG_WARN_ENUM_CONVERSION = YES;
				CLANG_WARN_INT_CONVERSION = YES;
				CLANG_WARN_OBJC_ROOT_CLASS = YES_ERROR;
				CLANG_WARN_UNREACHABLE_CODE = YES;
				CLANG_WARN__DUPLICATE_METHOD_MATCH = YES;
				"CODE_SIGN_IDENTITY[sdk=iphoneos*]" = "iPhone Developer";
				COPY_PHASE_STRIP = NO;
				ENABLE_STRICT_OBJC_MSGSEND = YES;
				GCC_C_LANGUAGE_STANDARD = gnu99;
				GCC_DYNAMIC_NO_PIC = NO;
				GCC_OPTIMIZATION_LEVEL = 0;
				GCC_PREPROCESSOR_DEFINITIONS = (
					"DEBUG=1",
					"$(inherited)",
				);
				GCC_SYMBOLS_PRIVATE_EXTERN = NO;
				GCC_WARN_64_TO_32_BIT_CONVERSION = YES;
				GCC_WARN_ABOUT_RETURN_TYPE = YES_ERROR;
				GCC_WARN_UNDECLARED_SELECTOR = YES;
				GCC_WARN_UNINITIALIZED_AUTOS = YES_AGGRESSIVE;
				GCC_WARN_UNUSED_FUNCTION = YES;
				GCC_WARN_UNUSED_VARIABLE = YES;
				IPHONEOS_DEPLOYMENT_TARGET = 8.0;
				MTL_ENABLE_DEBUG_INFO = YES;
				ONLY_ACTIVE_ARCH = YES;
				PROVISIONING_PROFILE = "";
				SDKROOT = iphoneos;
				TARGETED_DEVICE_FAMILY = "1,2";
			};
			name = Debug;
		};
		459D5F9819DB449A00C91EFA /* Release */ = {
			isa = XCBuildConfiguration;
			buildSettings = {
				ALWAYS_SEARCH_USER_PATHS = NO;
				CLANG_CXX_LANGUAGE_STANDARD = "gnu++0x";
				CLANG_CXX_LIBRARY = "libc++";
				CLANG_ENABLE_MODULES = YES;
				CLANG_ENABLE_OBJC_ARC = YES;
				CLANG_WARN_BOOL_CONVERSION = YES;
				CLANG_WARN_CONSTANT_CONVERSION = YES;
				CLANG_WARN_DIRECT_OBJC_ISA_USAGE = YES_ERROR;
				CLANG_WARN_EMPTY_BODY = YES;
				CLANG_WARN_ENUM_CONVERSION = YES;
				CLANG_WARN_INT_CONVERSION = YES;
				CLANG_WARN_OBJC_ROOT_CLASS = YES_ERROR;
				CLANG_WARN_UNREACHABLE_CODE = YES;
				CLANG_WARN__DUPLICATE_METHOD_MATCH = YES;
				"CODE_SIGN_IDENTITY[sdk=iphoneos*]" = "iPhone Developer";
				COPY_PHASE_STRIP = YES;
				ENABLE_NS_ASSERTIONS = NO;
				ENABLE_STRICT_OBJC_MSGSEND = YES;
				GCC_C_LANGUAGE_STANDARD = gnu99;
				GCC_WARN_64_TO_32_BIT_CONVERSION = YES;
				GCC_WARN_ABOUT_RETURN_TYPE = YES_ERROR;
				GCC_WARN_UNDECLARED_SELECTOR = YES;
				GCC_WARN_UNINITIALIZED_AUTOS = YES_AGGRESSIVE;
				GCC_WARN_UNUSED_FUNCTION = YES;
				GCC_WARN_UNUSED_VARIABLE = YES;
				IPHONEOS_DEPLOYMENT_TARGET = 8.0;
				MTL_ENABLE_DEBUG_INFO = NO;
				PROVISIONING_PROFILE = "";
				SDKROOT = iphoneos;
				TARGETED_DEVICE_FAMILY = "1,2";
				VALIDATE_PRODUCT = YES;
			};
			name = Release;
		};
		459D5F9A19DB449A00C91EFA /* Debug */ = {
			isa = XCBuildConfiguration;
			buildSettings = {
				ASSETCATALOG_COMPILER_APPICON_NAME = AppIcon;
				CODE_SIGN_IDENTITY = "iPhone Developer: Joseph Westlake (36B48JX3TB)";
				"CODE_SIGN_IDENTITY[sdk=iphoneos*]" = "iPhone Developer: Joseph Westlake (36B48JX3TB)";
				FRAMEWORK_SEARCH_PATHS = (
					"$(inherited)",
					"$(PROJECT_DIR)/CommSync/ThirdParty",
				);
				GCC_PRECOMPILE_PREFIX_HEADER = YES;
				GCC_PREFIX_HEADER = "$SRCROOT/CommSync/CommSync-Prefix.pch";
				INFOPLIST_FILE = CommSync/Info.plist;
				LD_RUNPATH_SEARCH_PATHS = "$(inherited) @executable_path/Frameworks";
				PRODUCT_NAME = "$(TARGET_NAME)";
				PROVISIONING_PROFILE = "5d75ff6b-8a22-4443-8afa-892a0f537da3";
				TARGETED_DEVICE_FAMILY = 1;
			};
			name = Debug;
		};
		459D5F9B19DB449A00C91EFA /* Release */ = {
			isa = XCBuildConfiguration;
			buildSettings = {
				ASSETCATALOG_COMPILER_APPICON_NAME = AppIcon;
				CODE_SIGN_IDENTITY = "iPhone Developer: Joseph Westlake (36B48JX3TB)";
				"CODE_SIGN_IDENTITY[sdk=iphoneos*]" = "iPhone Developer";
				FRAMEWORK_SEARCH_PATHS = (
					"$(inherited)",
					"$(PROJECT_DIR)/CommSync/ThirdParty",
				);
				GCC_PRECOMPILE_PREFIX_HEADER = YES;
				GCC_PREFIX_HEADER = "$SRCROOT/CommSync/CommSync-Prefix.pch";
				INFOPLIST_FILE = CommSync/Info.plist;
				LD_RUNPATH_SEARCH_PATHS = "$(inherited) @executable_path/Frameworks";
				PRODUCT_NAME = "$(TARGET_NAME)";
				PROVISIONING_PROFILE = "5d75ff6b-8a22-4443-8afa-892a0f537da3";
				TARGETED_DEVICE_FAMILY = 1;
			};
			name = Release;
		};
/* End XCBuildConfiguration section */

/* Begin XCConfigurationList section */
		459D5F6E19DB449900C91EFA /* Build configuration list for PBXProject "CommSync" */ = {
			isa = XCConfigurationList;
			buildConfigurations = (
				459D5F9719DB449A00C91EFA /* Debug */,
				459D5F9819DB449A00C91EFA /* Release */,
			);
			defaultConfigurationIsVisible = 0;
			defaultConfigurationName = Release;
		};
		459D5F9919DB449A00C91EFA /* Build configuration list for PBXNativeTarget "CommSync" */ = {
			isa = XCConfigurationList;
			buildConfigurations = (
				459D5F9A19DB449A00C91EFA /* Debug */,
				459D5F9B19DB449A00C91EFA /* Release */,
			);
			defaultConfigurationIsVisible = 0;
			defaultConfigurationName = Release;
		};
/* End XCConfigurationList section */

/* Begin XCVersionGroup section */
		459D5F7D19DB449900C91EFA /* CommSync.xcdatamodeld */ = {
			isa = XCVersionGroup;
			children = (
				459D5F7E19DB449900C91EFA /* CommSync.xcdatamodel */,
			);
			currentVersion = 459D5F7E19DB449900C91EFA /* CommSync.xcdatamodel */;
			path = CommSync.xcdatamodeld;
			sourceTree = "<group>";
			versionGroupType = wrapper.xcdatamodel;
		};
/* End XCVersionGroup section */
	};
	rootObject = 459D5F6B19DB449900C91EFA /* Project object */;
}
