// !$*UTF8*$!
{
	archiveVersion = 1;
	classes = {
	};
	objectVersion = 46;
	objects = {

/* Begin PBXBuildFile section */
		4595391E19E38F1F00744747 /* CSSessionManager.m in Sources */ = {isa = PBXBuildFile; fileRef = 4595391D19E38F1F00744747 /* CSSessionManager.m */; };
		459D5F7919DB449900C91EFA /* main.m in Sources */ = {isa = PBXBuildFile; fileRef = 459D5F7819DB449900C91EFA /* main.m */; };
		459D5F7C19DB449900C91EFA /* AppDelegate.m in Sources */ = {isa = PBXBuildFile; fileRef = 459D5F7B19DB449900C91EFA /* AppDelegate.m */; };
		459D5F7F19DB449900C91EFA /* CommSync.xcdatamodeld in Sources */ = {isa = PBXBuildFile; fileRef = 459D5F7D19DB449900C91EFA /* CommSync.xcdatamodeld */; };
		459D5F8219DB449900C91EFA /* MessageViewController.m in Sources */ = {isa = PBXBuildFile; fileRef = 459D5F8119DB449900C91EFA /* MessageViewController.m */; };
		459D5F8719DB449900C91EFA /* Images.xcassets in Resources */ = {isa = PBXBuildFile; fileRef = 459D5F8619DB449900C91EFA /* Images.xcassets */; };
		459D5F8A19DB449900C91EFA /* LaunchScreen.xib in Resources */ = {isa = PBXBuildFile; fileRef = 459D5F8819DB449900C91EFA /* LaunchScreen.xib */; };
		459D5F9619DB449A00C91EFA /* CommSyncTests.m in Sources */ = {isa = PBXBuildFile; fileRef = 459D5F9519DB449A00C91EFA /* CommSyncTests.m */; };
		45B934CA1A0B0671003C2E30 /* CSTask.m in Sources */ = {isa = PBXBuildFile; fileRef = 45B934C81A0B0671003C2E30 /* CSTask.m */; };
		45B934CB1A0B0671003C2E30 /* CSTaskListManager.m in Sources */ = {isa = PBXBuildFile; fileRef = 45B934C91A0B0671003C2E30 /* CSTaskListManager.m */; };
		740998301A0C395A00229AFC /* CSSettingsViewController.m in Sources */ = {isa = PBXBuildFile; fileRef = 7409982F1A0C395A00229AFC /* CSSettingsViewController.m */; };
		7444522C1A0ACEA800C87723 /* CSTaskViewController.m in Sources */ = {isa = PBXBuildFile; fileRef = 7444522B1A0ACEA800C87723 /* CSTaskViewController.m */; };
		7444522F1A0ACEDB00C87723 /* CSUserViewController.m in Sources */ = {isa = PBXBuildFile; fileRef = 7444522E1A0ACEDB00C87723 /* CSUserViewController.m */; };
		93031E061A0C1E2A00C3F919 /* CSTaskCreationViewController.m in Sources */ = {isa = PBXBuildFile; fileRef = 93031E051A0C1E2A00C3F919 /* CSTaskCreationViewController.m */; };
		95FAAA7D1A1B1EA900740311 /* SlackTextViewController.podspec in Resources */ = {isa = PBXBuildFile; fileRef = 95FAAA5F1A1B1EA900740311 /* SlackTextViewController.podspec */; };
		95FAAA7E1A1B1EA900740311 /* License.markdown in Sources */ = {isa = PBXBuildFile; fileRef = 95FAAA611A1B1EA900740311 /* License.markdown */; };
		95FAAA7F1A1B1EA900740311 /* LoremIpsum.m in Sources */ = {isa = PBXBuildFile; fileRef = 95FAAA641A1B1EA900740311 /* LoremIpsum.m */; };
		95FAAA801A1B1EA900740311 /* Readme.markdown in Sources */ = {isa = PBXBuildFile; fileRef = 95FAAA651A1B1EA900740311 /* Readme.markdown */; };
		95FAAA811A1B1EA900740311 /* Manifest.lock in Resources */ = {isa = PBXBuildFile; fileRef = 95FAAA661A1B1EA900740311 /* Manifest.lock */; };
		95FAAA821A1B1EA900740311 /* Pods-acknowledgements.markdown in Sources */ = {isa = PBXBuildFile; fileRef = 95FAAA6C1A1B1EA900740311 /* Pods-acknowledgements.markdown */; };
		95FAAA831A1B1EA900740311 /* Pods-acknowledgements.plist in Resources */ = {isa = PBXBuildFile; fileRef = 95FAAA6D1A1B1EA900740311 /* Pods-acknowledgements.plist */; };
		95FAAA841A1B1EA900740311 /* Pods-dummy.m in Sources */ = {isa = PBXBuildFile; fileRef = 95FAAA6E1A1B1EA900740311 /* Pods-dummy.m */; };
		95FAAA851A1B1EA900740311 /* Pods-resources.sh in Resources */ = {isa = PBXBuildFile; fileRef = 95FAAA701A1B1EA900740311 /* Pods-resources.sh */; };
		95FAAA861A1B1EA900740311 /* Pods.debug.xcconfig in Resources */ = {isa = PBXBuildFile; fileRef = 95FAAA711A1B1EA900740311 /* Pods.debug.xcconfig */; };
		95FAAA871A1B1EA900740311 /* Pods.release.xcconfig in Resources */ = {isa = PBXBuildFile; fileRef = 95FAAA721A1B1EA900740311 /* Pods.release.xcconfig */; };
		95FAAA881A1B1EA900740311 /* Pods-LoremIpsum-dummy.m in Sources */ = {isa = PBXBuildFile; fileRef = 95FAAA741A1B1EA900740311 /* Pods-LoremIpsum-dummy.m */; };
		95FAAA891A1B1EA900740311 /* Pods-LoremIpsum-Private.xcconfig in Resources */ = {isa = PBXBuildFile; fileRef = 95FAAA761A1B1EA900740311 /* Pods-LoremIpsum-Private.xcconfig */; };
		95FAAA8A1A1B1EA900740311 /* Pods-LoremIpsum.xcconfig in Resources */ = {isa = PBXBuildFile; fileRef = 95FAAA771A1B1EA900740311 /* Pods-LoremIpsum.xcconfig */; };
		95FAAA8B1A1B1EA900740311 /* Pods-SlackTextViewController-dummy.m in Sources */ = {isa = PBXBuildFile; fileRef = 95FAAA791A1B1EA900740311 /* Pods-SlackTextViewController-dummy.m */; };
		95FAAA8C1A1B1EA900740311 /* Pods-SlackTextViewController-Private.xcconfig in Resources */ = {isa = PBXBuildFile; fileRef = 95FAAA7B1A1B1EA900740311 /* Pods-SlackTextViewController-Private.xcconfig */; };
		95FAAA8D1A1B1EA900740311 /* Pods-SlackTextViewController.xcconfig in Resources */ = {isa = PBXBuildFile; fileRef = 95FAAA7C1A1B1EA900740311 /* Pods-SlackTextViewController.xcconfig */; };
		95FAAAAB1A1B1EC100740311 /* UIScrollView+SLKAdditions.m in Sources */ = {isa = PBXBuildFile; fileRef = 95FAAA9B1A1B1EC100740311 /* UIScrollView+SLKAdditions.m */; };
		95FAAAAC1A1B1EC100740311 /* UITextView+SLKAdditions.m in Sources */ = {isa = PBXBuildFile; fileRef = 95FAAA9D1A1B1EC100740311 /* UITextView+SLKAdditions.m */; };
		95FAAAAD1A1B1EC100740311 /* UIView+SLKAdditions.m in Sources */ = {isa = PBXBuildFile; fileRef = 95FAAA9F1A1B1EC100740311 /* UIView+SLKAdditions.m */; };
		95FAAAAE1A1B1EC100740311 /* SLKInputAccessoryView.m in Sources */ = {isa = PBXBuildFile; fileRef = 95FAAAA21A1B1EC100740311 /* SLKInputAccessoryView.m */; };
		95FAAAAF1A1B1EC100740311 /* SLKTextInputbar.m in Sources */ = {isa = PBXBuildFile; fileRef = 95FAAAA41A1B1EC100740311 /* SLKTextInputbar.m */; };
		95FAAAB01A1B1EC100740311 /* SLKTextView.m in Sources */ = {isa = PBXBuildFile; fileRef = 95FAAAA61A1B1EC100740311 /* SLKTextView.m */; };
		95FAAAB11A1B1EC100740311 /* SLKTextViewController.m in Sources */ = {isa = PBXBuildFile; fileRef = 95FAAAA81A1B1EC100740311 /* SLKTextViewController.m */; };
		95FAAAB21A1B1EC100740311 /* SLKTypingIndicatorView.m in Sources */ = {isa = PBXBuildFile; fileRef = 95FAAAAA1A1B1EC100740311 /* SLKTypingIndicatorView.m */; };
		95FAAAB51A1B1FC800740311 /* MessageTableViewCell.m in Sources */ = {isa = PBXBuildFile; fileRef = 95FAAAB41A1B1FC800740311 /* MessageTableViewCell.m */; };
		95FAAAB91A1B2DEE00740311 /* Main.storyboard in Resources */ = {isa = PBXBuildFile; fileRef = 95FAAAB71A1B2DEE00740311 /* Main.storyboard */; };
/* End PBXBuildFile section */

/* Begin PBXContainerItemProxy section */
		459D5F9019DB449A00C91EFA /* PBXContainerItemProxy */ = {
			isa = PBXContainerItemProxy;
			containerPortal = 459D5F6B19DB449900C91EFA /* Project object */;
			proxyType = 1;
			remoteGlobalIDString = 459D5F7219DB449900C91EFA;
			remoteInfo = CommSync;
		};
		95FAAA911A1B1EA900740311 /* PBXContainerItemProxy */ = {
			isa = PBXContainerItemProxy;
			containerPortal = 95FAAA671A1B1EA900740311 /* Pods.xcodeproj */;
			proxyType = 2;
			remoteGlobalIDString = DE6BD78BB128313897C3BABC;
			remoteInfo = Pods;
		};
		95FAAA931A1B1EA900740311 /* PBXContainerItemProxy */ = {
			isa = PBXContainerItemProxy;
			containerPortal = 95FAAA671A1B1EA900740311 /* Pods.xcodeproj */;
			proxyType = 2;
			remoteGlobalIDString = 5B64A3FFD5C71C22990B6C9A;
			remoteInfo = "Pods-LoremIpsum";
		};
		95FAAA951A1B1EA900740311 /* PBXContainerItemProxy */ = {
			isa = PBXContainerItemProxy;
			containerPortal = 95FAAA671A1B1EA900740311 /* Pods.xcodeproj */;
			proxyType = 2;
			remoteGlobalIDString = 1B963165958861453B15FCFE;
			remoteInfo = "Pods-SlackTextViewController";
		};
/* End PBXContainerItemProxy section */

/* Begin PBXFileReference section */
		4595391C19E38F1F00744747 /* CSSessionManager.h */ = {isa = PBXFileReference; fileEncoding = 4; lastKnownFileType = sourcecode.c.h; name = CSSessionManager.h; path = "Session Management/CSSessionManager.h"; sourceTree = "<group>"; };
		4595391D19E38F1F00744747 /* CSSessionManager.m */ = {isa = PBXFileReference; fileEncoding = 4; lastKnownFileType = sourcecode.c.objc; name = CSSessionManager.m; path = "Session Management/CSSessionManager.m"; sourceTree = "<group>"; };
		459D5F7319DB449900C91EFA /* CommSync.app */ = {isa = PBXFileReference; explicitFileType = wrapper.application; includeInIndex = 0; path = CommSync.app; sourceTree = BUILT_PRODUCTS_DIR; };
		459D5F7719DB449900C91EFA /* Info.plist */ = {isa = PBXFileReference; lastKnownFileType = text.plist.xml; path = Info.plist; sourceTree = "<group>"; };
		459D5F7819DB449900C91EFA /* main.m */ = {isa = PBXFileReference; lastKnownFileType = sourcecode.c.objc; path = main.m; sourceTree = "<group>"; };
		459D5F7A19DB449900C91EFA /* AppDelegate.h */ = {isa = PBXFileReference; lastKnownFileType = sourcecode.c.h; path = AppDelegate.h; sourceTree = "<group>"; };
		459D5F7B19DB449900C91EFA /* AppDelegate.m */ = {isa = PBXFileReference; lastKnownFileType = sourcecode.c.objc; path = AppDelegate.m; sourceTree = "<group>"; };
		459D5F7E19DB449900C91EFA /* CommSync.xcdatamodel */ = {isa = PBXFileReference; lastKnownFileType = wrapper.xcdatamodel; path = CommSync.xcdatamodel; sourceTree = "<group>"; };
		459D5F8019DB449900C91EFA /* MessageViewController.h */ = {isa = PBXFileReference; lastKnownFileType = sourcecode.c.h; path = MessageViewController.h; sourceTree = "<group>"; };
		459D5F8119DB449900C91EFA /* MessageViewController.m */ = {isa = PBXFileReference; lastKnownFileType = sourcecode.c.objc; path = MessageViewController.m; sourceTree = "<group>"; };
		459D5F8619DB449900C91EFA /* Images.xcassets */ = {isa = PBXFileReference; lastKnownFileType = folder.assetcatalog; path = Images.xcassets; sourceTree = "<group>"; };
		459D5F8919DB449900C91EFA /* Base */ = {isa = PBXFileReference; lastKnownFileType = file.xib; name = Base; path = Base.lproj/LaunchScreen.xib; sourceTree = "<group>"; };
		459D5F8F19DB449A00C91EFA /* CommSyncTests.xctest */ = {isa = PBXFileReference; explicitFileType = wrapper.cfbundle; includeInIndex = 0; path = CommSyncTests.xctest; sourceTree = BUILT_PRODUCTS_DIR; };
		459D5F9419DB449A00C91EFA /* Info.plist */ = {isa = PBXFileReference; lastKnownFileType = text.plist.xml; path = Info.plist; sourceTree = "<group>"; };
		459D5F9519DB449A00C91EFA /* CommSyncTests.m */ = {isa = PBXFileReference; lastKnownFileType = sourcecode.c.objc; path = CommSyncTests.m; sourceTree = "<group>"; };
		45B934C61A0B0671003C2E30 /* CSTask.h */ = {isa = PBXFileReference; fileEncoding = 4; lastKnownFileType = sourcecode.c.h; name = CSTask.h; path = Tasks/CSTask.h; sourceTree = "<group>"; };
		45B934C71A0B0671003C2E30 /* CSTaskListManager.h */ = {isa = PBXFileReference; fileEncoding = 4; lastKnownFileType = sourcecode.c.h; name = CSTaskListManager.h; path = Tasks/CSTaskListManager.h; sourceTree = "<group>"; };
		45B934C81A0B0671003C2E30 /* CSTask.m */ = {isa = PBXFileReference; fileEncoding = 4; lastKnownFileType = sourcecode.c.objc; name = CSTask.m; path = Tasks/CSTask.m; sourceTree = "<group>"; };
		45B934C91A0B0671003C2E30 /* CSTaskListManager.m */ = {isa = PBXFileReference; fileEncoding = 4; lastKnownFileType = sourcecode.c.objc; name = CSTaskListManager.m; path = Tasks/CSTaskListManager.m; sourceTree = "<group>"; };
		7409982E1A0C395A00229AFC /* CSSettingsViewController.h */ = {isa = PBXFileReference; fileEncoding = 4; lastKnownFileType = sourcecode.c.h; name = CSSettingsViewController.h; path = ViewControllers/CSSettingsViewController.h; sourceTree = "<group>"; };
		7409982F1A0C395A00229AFC /* CSSettingsViewController.m */ = {isa = PBXFileReference; fileEncoding = 4; lastKnownFileType = sourcecode.c.objc; name = CSSettingsViewController.m; path = ViewControllers/CSSettingsViewController.m; sourceTree = "<group>"; };
		7444522A1A0ACEA800C87723 /* CSTaskViewController.h */ = {isa = PBXFileReference; fileEncoding = 4; lastKnownFileType = sourcecode.c.h; name = CSTaskViewController.h; path = ViewControllers/CSTaskViewController.h; sourceTree = "<group>"; };
		7444522B1A0ACEA800C87723 /* CSTaskViewController.m */ = {isa = PBXFileReference; fileEncoding = 4; lastKnownFileType = sourcecode.c.objc; name = CSTaskViewController.m; path = ViewControllers/CSTaskViewController.m; sourceTree = "<group>"; };
		7444522D1A0ACEDB00C87723 /* CSUserViewController.h */ = {isa = PBXFileReference; fileEncoding = 4; lastKnownFileType = sourcecode.c.h; name = CSUserViewController.h; path = ViewControllers/CSUserViewController.h; sourceTree = "<group>"; };
		7444522E1A0ACEDB00C87723 /* CSUserViewController.m */ = {isa = PBXFileReference; fileEncoding = 4; lastKnownFileType = sourcecode.c.objc; name = CSUserViewController.m; path = ViewControllers/CSUserViewController.m; sourceTree = "<group>"; };
		93031E041A0C1E2A00C3F919 /* CSTaskCreationViewController.h */ = {isa = PBXFileReference; fileEncoding = 4; lastKnownFileType = sourcecode.c.h; name = CSTaskCreationViewController.h; path = ViewControllers/CSTaskCreationViewController.h; sourceTree = "<group>"; };
		93031E051A0C1E2A00C3F919 /* CSTaskCreationViewController.m */ = {isa = PBXFileReference; fileEncoding = 4; lastKnownFileType = sourcecode.c.objc; name = CSTaskCreationViewController.m; path = ViewControllers/CSTaskCreationViewController.m; sourceTree = "<group>"; };
		95FAAA421A1B1EA900740311 /* LoremIpsum.h */ = {isa = PBXFileReference; fileEncoding = 4; lastKnownFileType = sourcecode.c.h; path = LoremIpsum.h; sourceTree = "<group>"; };
		95FAAA451A1B1EA900740311 /* SLKUIConstants.h */ = {isa = PBXFileReference; fileEncoding = 4; lastKnownFileType = sourcecode.c.h; path = SLKUIConstants.h; sourceTree = "<group>"; };
		95FAAA461A1B1EA900740311 /* UIScrollView+SLKAdditions.h */ = {isa = PBXFileReference; fileEncoding = 4; lastKnownFileType = sourcecode.c.h; path = "UIScrollView+SLKAdditions.h"; sourceTree = "<group>"; };
		95FAAA471A1B1EA900740311 /* UITextView+SLKAdditions.h */ = {isa = PBXFileReference; fileEncoding = 4; lastKnownFileType = sourcecode.c.h; path = "UITextView+SLKAdditions.h"; sourceTree = "<group>"; };
		95FAAA481A1B1EA900740311 /* UIView+SLKAdditions.h */ = {isa = PBXFileReference; fileEncoding = 4; lastKnownFileType = sourcecode.c.h; path = "UIView+SLKAdditions.h"; sourceTree = "<group>"; };
		95FAAA4A1A1B1EA900740311 /* SLKInputAccessoryView.h */ = {isa = PBXFileReference; fileEncoding = 4; lastKnownFileType = sourcecode.c.h; path = SLKInputAccessoryView.h; sourceTree = "<group>"; };
		95FAAA4B1A1B1EA900740311 /* SLKTextInputbar.h */ = {isa = PBXFileReference; fileEncoding = 4; lastKnownFileType = sourcecode.c.h; path = SLKTextInputbar.h; sourceTree = "<group>"; };
		95FAAA4C1A1B1EA900740311 /* SLKTextView.h */ = {isa = PBXFileReference; fileEncoding = 4; lastKnownFileType = sourcecode.c.h; path = SLKTextView.h; sourceTree = "<group>"; };
		95FAAA4D1A1B1EA900740311 /* SLKTextViewController.h */ = {isa = PBXFileReference; fileEncoding = 4; lastKnownFileType = sourcecode.c.h; path = SLKTextViewController.h; sourceTree = "<group>"; };
		95FAAA4E1A1B1EA900740311 /* SLKTypingIndicatorView.h */ = {isa = PBXFileReference; fileEncoding = 4; lastKnownFileType = sourcecode.c.h; path = SLKTypingIndicatorView.h; sourceTree = "<group>"; };
		95FAAA511A1B1EA900740311 /* LoremIpsum.h */ = {isa = PBXFileReference; fileEncoding = 4; lastKnownFileType = sourcecode.c.h; path = LoremIpsum.h; sourceTree = "<group>"; };
		95FAAA541A1B1EA900740311 /* SLKUIConstants.h */ = {isa = PBXFileReference; fileEncoding = 4; lastKnownFileType = sourcecode.c.h; path = SLKUIConstants.h; sourceTree = "<group>"; };
		95FAAA551A1B1EA900740311 /* UIScrollView+SLKAdditions.h */ = {isa = PBXFileReference; fileEncoding = 4; lastKnownFileType = sourcecode.c.h; path = "UIScrollView+SLKAdditions.h"; sourceTree = "<group>"; };
		95FAAA561A1B1EA900740311 /* UITextView+SLKAdditions.h */ = {isa = PBXFileReference; fileEncoding = 4; lastKnownFileType = sourcecode.c.h; path = "UITextView+SLKAdditions.h"; sourceTree = "<group>"; };
		95FAAA571A1B1EA900740311 /* UIView+SLKAdditions.h */ = {isa = PBXFileReference; fileEncoding = 4; lastKnownFileType = sourcecode.c.h; path = "UIView+SLKAdditions.h"; sourceTree = "<group>"; };
		95FAAA591A1B1EA900740311 /* SLKInputAccessoryView.h */ = {isa = PBXFileReference; fileEncoding = 4; lastKnownFileType = sourcecode.c.h; path = SLKInputAccessoryView.h; sourceTree = "<group>"; };
		95FAAA5A1A1B1EA900740311 /* SLKTextInputbar.h */ = {isa = PBXFileReference; fileEncoding = 4; lastKnownFileType = sourcecode.c.h; path = SLKTextInputbar.h; sourceTree = "<group>"; };
		95FAAA5B1A1B1EA900740311 /* SLKTextView.h */ = {isa = PBXFileReference; fileEncoding = 4; lastKnownFileType = sourcecode.c.h; path = SLKTextView.h; sourceTree = "<group>"; };
		95FAAA5C1A1B1EA900740311 /* SLKTextViewController.h */ = {isa = PBXFileReference; fileEncoding = 4; lastKnownFileType = sourcecode.c.h; path = SLKTextViewController.h; sourceTree = "<group>"; };
		95FAAA5D1A1B1EA900740311 /* SLKTypingIndicatorView.h */ = {isa = PBXFileReference; fileEncoding = 4; lastKnownFileType = sourcecode.c.h; path = SLKTypingIndicatorView.h; sourceTree = "<group>"; };
		95FAAA5F1A1B1EA900740311 /* SlackTextViewController.podspec */ = {isa = PBXFileReference; fileEncoding = 4; lastKnownFileType = text; path = SlackTextViewController.podspec; sourceTree = "<group>"; };
		95FAAA611A1B1EA900740311 /* License.markdown */ = {isa = PBXFileReference; fileEncoding = 4; lastKnownFileType = net.daringfireball.markdown; path = License.markdown; sourceTree = "<group>"; };
		95FAAA631A1B1EA900740311 /* LoremIpsum.h */ = {isa = PBXFileReference; fileEncoding = 4; lastKnownFileType = sourcecode.c.h; path = LoremIpsum.h; sourceTree = "<group>"; };
		95FAAA641A1B1EA900740311 /* LoremIpsum.m */ = {isa = PBXFileReference; fileEncoding = 4; lastKnownFileType = sourcecode.c.objc; path = LoremIpsum.m; sourceTree = "<group>"; };
		95FAAA651A1B1EA900740311 /* Readme.markdown */ = {isa = PBXFileReference; fileEncoding = 4; lastKnownFileType = net.daringfireball.markdown; path = Readme.markdown; sourceTree = "<group>"; };
		95FAAA661A1B1EA900740311 /* Manifest.lock */ = {isa = PBXFileReference; fileEncoding = 4; lastKnownFileType = text; path = Manifest.lock; sourceTree = "<group>"; };
		95FAAA671A1B1EA900740311 /* Pods.xcodeproj */ = {isa = PBXFileReference; lastKnownFileType = "wrapper.pb-project"; path = Pods.xcodeproj; sourceTree = "<group>"; };
		95FAAA6C1A1B1EA900740311 /* Pods-acknowledgements.markdown */ = {isa = PBXFileReference; fileEncoding = 4; lastKnownFileType = net.daringfireball.markdown; path = "Pods-acknowledgements.markdown"; sourceTree = "<group>"; };
		95FAAA6D1A1B1EA900740311 /* Pods-acknowledgements.plist */ = {isa = PBXFileReference; fileEncoding = 4; lastKnownFileType = text.plist.xml; path = "Pods-acknowledgements.plist"; sourceTree = "<group>"; };
		95FAAA6E1A1B1EA900740311 /* Pods-dummy.m */ = {isa = PBXFileReference; fileEncoding = 4; lastKnownFileType = sourcecode.c.objc; path = "Pods-dummy.m"; sourceTree = "<group>"; };
		95FAAA6F1A1B1EA900740311 /* Pods-environment.h */ = {isa = PBXFileReference; fileEncoding = 4; lastKnownFileType = sourcecode.c.h; path = "Pods-environment.h"; sourceTree = "<group>"; };
		95FAAA701A1B1EA900740311 /* Pods-resources.sh */ = {isa = PBXFileReference; fileEncoding = 4; lastKnownFileType = text.script.sh; path = "Pods-resources.sh"; sourceTree = "<group>"; };
		95FAAA711A1B1EA900740311 /* Pods.debug.xcconfig */ = {isa = PBXFileReference; fileEncoding = 4; lastKnownFileType = text.xcconfig; path = Pods.debug.xcconfig; sourceTree = "<group>"; };
		95FAAA721A1B1EA900740311 /* Pods.release.xcconfig */ = {isa = PBXFileReference; fileEncoding = 4; lastKnownFileType = text.xcconfig; path = Pods.release.xcconfig; sourceTree = "<group>"; };
		95FAAA741A1B1EA900740311 /* Pods-LoremIpsum-dummy.m */ = {isa = PBXFileReference; fileEncoding = 4; lastKnownFileType = sourcecode.c.objc; path = "Pods-LoremIpsum-dummy.m"; sourceTree = "<group>"; };
		95FAAA751A1B1EA900740311 /* Pods-LoremIpsum-prefix.pch */ = {isa = PBXFileReference; fileEncoding = 4; lastKnownFileType = sourcecode.c.h; path = "Pods-LoremIpsum-prefix.pch"; sourceTree = "<group>"; };
		95FAAA761A1B1EA900740311 /* Pods-LoremIpsum-Private.xcconfig */ = {isa = PBXFileReference; fileEncoding = 4; lastKnownFileType = text.xcconfig; path = "Pods-LoremIpsum-Private.xcconfig"; sourceTree = "<group>"; };
		95FAAA771A1B1EA900740311 /* Pods-LoremIpsum.xcconfig */ = {isa = PBXFileReference; fileEncoding = 4; lastKnownFileType = text.xcconfig; path = "Pods-LoremIpsum.xcconfig"; sourceTree = "<group>"; };
		95FAAA791A1B1EA900740311 /* Pods-SlackTextViewController-dummy.m */ = {isa = PBXFileReference; fileEncoding = 4; lastKnownFileType = sourcecode.c.objc; path = "Pods-SlackTextViewController-dummy.m"; sourceTree = "<group>"; };
		95FAAA7A1A1B1EA900740311 /* Pods-SlackTextViewController-prefix.pch */ = {isa = PBXFileReference; fileEncoding = 4; lastKnownFileType = sourcecode.c.h; path = "Pods-SlackTextViewController-prefix.pch"; sourceTree = "<group>"; };
		95FAAA7B1A1B1EA900740311 /* Pods-SlackTextViewController-Private.xcconfig */ = {isa = PBXFileReference; fileEncoding = 4; lastKnownFileType = text.xcconfig; path = "Pods-SlackTextViewController-Private.xcconfig"; sourceTree = "<group>"; };
		95FAAA7C1A1B1EA900740311 /* Pods-SlackTextViewController.xcconfig */ = {isa = PBXFileReference; fileEncoding = 4; lastKnownFileType = text.xcconfig; path = "Pods-SlackTextViewController.xcconfig"; sourceTree = "<group>"; };
		95FAAA991A1B1EC100740311 /* SLKUIConstants.h */ = {isa = PBXFileReference; fileEncoding = 4; lastKnownFileType = sourcecode.c.h; path = SLKUIConstants.h; sourceTree = "<group>"; };
		95FAAA9A1A1B1EC100740311 /* UIScrollView+SLKAdditions.h */ = {isa = PBXFileReference; fileEncoding = 4; lastKnownFileType = sourcecode.c.h; path = "UIScrollView+SLKAdditions.h"; sourceTree = "<group>"; };
		95FAAA9B1A1B1EC100740311 /* UIScrollView+SLKAdditions.m */ = {isa = PBXFileReference; fileEncoding = 4; lastKnownFileType = sourcecode.c.objc; path = "UIScrollView+SLKAdditions.m"; sourceTree = "<group>"; };
		95FAAA9C1A1B1EC100740311 /* UITextView+SLKAdditions.h */ = {isa = PBXFileReference; fileEncoding = 4; lastKnownFileType = sourcecode.c.h; path = "UITextView+SLKAdditions.h"; sourceTree = "<group>"; };
		95FAAA9D1A1B1EC100740311 /* UITextView+SLKAdditions.m */ = {isa = PBXFileReference; fileEncoding = 4; lastKnownFileType = sourcecode.c.objc; path = "UITextView+SLKAdditions.m"; sourceTree = "<group>"; };
		95FAAA9E1A1B1EC100740311 /* UIView+SLKAdditions.h */ = {isa = PBXFileReference; fileEncoding = 4; lastKnownFileType = sourcecode.c.h; path = "UIView+SLKAdditions.h"; sourceTree = "<group>"; };
		95FAAA9F1A1B1EC100740311 /* UIView+SLKAdditions.m */ = {isa = PBXFileReference; fileEncoding = 4; lastKnownFileType = sourcecode.c.objc; path = "UIView+SLKAdditions.m"; sourceTree = "<group>"; };
		95FAAAA11A1B1EC100740311 /* SLKInputAccessoryView.h */ = {isa = PBXFileReference; fileEncoding = 4; lastKnownFileType = sourcecode.c.h; path = SLKInputAccessoryView.h; sourceTree = "<group>"; };
		95FAAAA21A1B1EC100740311 /* SLKInputAccessoryView.m */ = {isa = PBXFileReference; fileEncoding = 4; lastKnownFileType = sourcecode.c.objc; path = SLKInputAccessoryView.m; sourceTree = "<group>"; };
		95FAAAA31A1B1EC100740311 /* SLKTextInputbar.h */ = {isa = PBXFileReference; fileEncoding = 4; lastKnownFileType = sourcecode.c.h; path = SLKTextInputbar.h; sourceTree = "<group>"; };
		95FAAAA41A1B1EC100740311 /* SLKTextInputbar.m */ = {isa = PBXFileReference; fileEncoding = 4; lastKnownFileType = sourcecode.c.objc; path = SLKTextInputbar.m; sourceTree = "<group>"; };
		95FAAAA51A1B1EC100740311 /* SLKTextView.h */ = {isa = PBXFileReference; fileEncoding = 4; lastKnownFileType = sourcecode.c.h; path = SLKTextView.h; sourceTree = "<group>"; };
		95FAAAA61A1B1EC100740311 /* SLKTextView.m */ = {isa = PBXFileReference; fileEncoding = 4; lastKnownFileType = sourcecode.c.objc; path = SLKTextView.m; sourceTree = "<group>"; };
		95FAAAA71A1B1EC100740311 /* SLKTextViewController.h */ = {isa = PBXFileReference; fileEncoding = 4; lastKnownFileType = sourcecode.c.h; path = SLKTextViewController.h; sourceTree = "<group>"; };
		95FAAAA81A1B1EC100740311 /* SLKTextViewController.m */ = {isa = PBXFileReference; fileEncoding = 4; lastKnownFileType = sourcecode.c.objc; path = SLKTextViewController.m; sourceTree = "<group>"; };
		95FAAAA91A1B1EC100740311 /* SLKTypingIndicatorView.h */ = {isa = PBXFileReference; fileEncoding = 4; lastKnownFileType = sourcecode.c.h; path = SLKTypingIndicatorView.h; sourceTree = "<group>"; };
		95FAAAAA1A1B1EC100740311 /* SLKTypingIndicatorView.m */ = {isa = PBXFileReference; fileEncoding = 4; lastKnownFileType = sourcecode.c.objc; path = SLKTypingIndicatorView.m; sourceTree = "<group>"; };
		95FAAAB31A1B1FBE00740311 /* MessageViewController.h */ = {isa = PBXFileReference; fileEncoding = 4; lastKnownFileType = sourcecode.c.h; name = MessageViewController.h; path = "../../../Messenger/Messenger-Shared/MessageViewController.h"; sourceTree = "<group>"; };
		95FAAAB41A1B1FC800740311 /* MessageTableViewCell.m */ = {isa = PBXFileReference; fileEncoding = 4; lastKnownFileType = sourcecode.c.objc; name = MessageTableViewCell.m; path = "../../../Messenger/Messenger-Shared/MessageTableViewCell.m"; sourceTree = "<group>"; };
		95FAAAB61A1B222B00740311 /* MessageTableViewCell.h */ = {isa = PBXFileReference; fileEncoding = 4; lastKnownFileType = sourcecode.c.h; name = MessageTableViewCell.h; path = "../../../Messenger/Messenger-Shared/MessageTableViewCell.h"; sourceTree = "<group>"; };
		95FAAAB81A1B2DEE00740311 /* Base */ = {isa = PBXFileReference; lastKnownFileType = file.storyboard; name = Base; path = Base.lproj/Main.storyboard; sourceTree = "<group>"; };
/* End PBXFileReference section */

/* Begin PBXFrameworksBuildPhase section */
		459D5F7019DB449900C91EFA /* Frameworks */ = {
			isa = PBXFrameworksBuildPhase;
			buildActionMask = 2147483647;
			files = (
			);
			runOnlyForDeploymentPostprocessing = 0;
		};
		459D5F8C19DB449A00C91EFA /* Frameworks */ = {
			isa = PBXFrameworksBuildPhase;
			buildActionMask = 2147483647;
			files = (
			);
			runOnlyForDeploymentPostprocessing = 0;
		};
/* End PBXFrameworksBuildPhase section */

/* Begin PBXGroup section */
		4595391F19E38F2F00744747 /* Session Management */ = {
			isa = PBXGroup;
			children = (
				4595391C19E38F1F00744747 /* CSSessionManager.h */,
				4595391D19E38F1F00744747 /* CSSessionManager.m */,
				45B934C61A0B0671003C2E30 /* CSTask.h */,
				45B934C81A0B0671003C2E30 /* CSTask.m */,
				45B934C71A0B0671003C2E30 /* CSTaskListManager.h */,
				45B934C91A0B0671003C2E30 /* CSTaskListManager.m */,
			);
			name = "Session Management";
			sourceTree = "<group>";
		};
		459D5F6A19DB449900C91EFA = {
			isa = PBXGroup;
			children = (
				459D5F7519DB449900C91EFA /* CommSync */,
				459D5F9219DB449A00C91EFA /* CommSyncTests */,
				459D5F7419DB449900C91EFA /* Products */,
			);
			sourceTree = "<group>";
		};
		459D5F7419DB449900C91EFA /* Products */ = {
			isa = PBXGroup;
			children = (
				459D5F7319DB449900C91EFA /* CommSync.app */,
				459D5F8F19DB449A00C91EFA /* CommSyncTests.xctest */,
			);
			name = Products;
			sourceTree = "<group>";
		};
		459D5F7519DB449900C91EFA /* CommSync */ = {
			isa = PBXGroup;
			children = (
				459D5F7A19DB449900C91EFA /* AppDelegate.h */,
				459D5F8019DB449900C91EFA /* MessageViewController.h */,
				459D5F8119DB449900C91EFA /* MessageViewController.m */,
				459D5F7B19DB449900C91EFA /* AppDelegate.m */,
				95FAAAB41A1B1FC800740311 /* MessageTableViewCell.m */,
				95FAAAB61A1B222B00740311 /* MessageTableViewCell.h */,
				95FAAAB31A1B1FBE00740311 /* MessageViewController.h */,
				744452291A0ACE2700C87723 /* ViewControllers */,
				7409982D1A0C178000229AFC /* Task Management */,
				4595391F19E38F2F00744747 /* Session Management */,
				95FAAA971A1B1EC100740311 /* Source */,
				95FAAA3E1A1B1EA900740311 /* Pods */,
				459D5F8619DB449900C91EFA /* Images.xcassets */,
				459D5F8819DB449900C91EFA /* LaunchScreen.xib */,
				459D5F7D19DB449900C91EFA /* CommSync.xcdatamodeld */,
				459D5F7619DB449900C91EFA /* Supporting Files */,
			);
			path = CommSync;
			sourceTree = "<group>";
		};
		459D5F7619DB449900C91EFA /* Supporting Files */ = {
			isa = PBXGroup;
			children = (
				459D5F7719DB449900C91EFA /* Info.plist */,
				459D5F7819DB449900C91EFA /* main.m */,
			);
			name = "Supporting Files";
			sourceTree = "<group>";
		};
		459D5F9219DB449A00C91EFA /* CommSyncTests */ = {
			isa = PBXGroup;
			children = (
				459D5F9519DB449A00C91EFA /* CommSyncTests.m */,
				459D5F9319DB449A00C91EFA /* Supporting Files */,
			);
			path = CommSyncTests;
			sourceTree = "<group>";
		};
		459D5F9319DB449A00C91EFA /* Supporting Files */ = {
			isa = PBXGroup;
			children = (
				459D5F9419DB449A00C91EFA /* Info.plist */,
			);
			name = "Supporting Files";
			sourceTree = "<group>";
		};
		7409982D1A0C178000229AFC /* Task Management */ = {
			isa = PBXGroup;
			children = (
			);
			name = "Task Management";
			sourceTree = "<group>";
		};
		744452291A0ACE2700C87723 /* ViewControllers */ = {
			isa = PBXGroup;
			children = (
				7444522A1A0ACEA800C87723 /* CSTaskViewController.h */,
				7444522B1A0ACEA800C87723 /* CSTaskViewController.m */,
				7444522D1A0ACEDB00C87723 /* CSUserViewController.h */,
				7444522E1A0ACEDB00C87723 /* CSUserViewController.m */,
				93031E041A0C1E2A00C3F919 /* CSTaskCreationViewController.h */,
				93031E051A0C1E2A00C3F919 /* CSTaskCreationViewController.m */,
				7409982E1A0C395A00229AFC /* CSSettingsViewController.h */,
				7409982F1A0C395A00229AFC /* CSSettingsViewController.m */,
				95FAAAB71A1B2DEE00740311 /* Main.storyboard */,
			);
			name = ViewControllers;
			sourceTree = "<group>";
		};
		95FAAA3E1A1B1EA900740311 /* Pods */ = {
			isa = PBXGroup;
			children = (
				95FAAA3F1A1B1EA900740311 /* Headers */,
				95FAAA5E1A1B1EA900740311 /* Local Podspecs */,
				95FAAA601A1B1EA900740311 /* LoremIpsum */,
				95FAAA661A1B1EA900740311 /* Manifest.lock */,
				95FAAA671A1B1EA900740311 /* Pods.xcodeproj */,
				95FAAA6A1A1B1EA900740311 /* Target Support Files */,
			);
			path = Pods;
			sourceTree = SOURCE_ROOT;
		};
		95FAAA3F1A1B1EA900740311 /* Headers */ = {
			isa = PBXGroup;
			children = (
				95FAAA401A1B1EA900740311 /* Build */,
				95FAAA4F1A1B1EA900740311 /* Public */,
			);
			path = Headers;
			sourceTree = "<group>";
		};
		95FAAA401A1B1EA900740311 /* Build */ = {
			isa = PBXGroup;
			children = (
				95FAAA411A1B1EA900740311 /* LoremIpsum */,
				95FAAA431A1B1EA900740311 /* SlackTextViewController */,
			);
			path = Build;
			sourceTree = "<group>";
		};
		95FAAA411A1B1EA900740311 /* LoremIpsum */ = {
			isa = PBXGroup;
			children = (
				95FAAA421A1B1EA900740311 /* LoremIpsum.h */,
			);
			path = LoremIpsum;
			sourceTree = "<group>";
		};
		95FAAA431A1B1EA900740311 /* SlackTextViewController */ = {
			isa = PBXGroup;
			children = (
				95FAAA441A1B1EA900740311 /* Additions */,
				95FAAA491A1B1EA900740311 /* Classes */,
			);
			path = SlackTextViewController;
			sourceTree = "<group>";
		};
		95FAAA441A1B1EA900740311 /* Additions */ = {
			isa = PBXGroup;
			children = (
				95FAAA451A1B1EA900740311 /* SLKUIConstants.h */,
				95FAAA461A1B1EA900740311 /* UIScrollView+SLKAdditions.h */,
				95FAAA471A1B1EA900740311 /* UITextView+SLKAdditions.h */,
				95FAAA481A1B1EA900740311 /* UIView+SLKAdditions.h */,
			);
			path = Additions;
			sourceTree = "<group>";
		};
		95FAAA491A1B1EA900740311 /* Classes */ = {
			isa = PBXGroup;
			children = (
				95FAAA4A1A1B1EA900740311 /* SLKInputAccessoryView.h */,
				95FAAA4B1A1B1EA900740311 /* SLKTextInputbar.h */,
				95FAAA4C1A1B1EA900740311 /* SLKTextView.h */,
				95FAAA4D1A1B1EA900740311 /* SLKTextViewController.h */,
				95FAAA4E1A1B1EA900740311 /* SLKTypingIndicatorView.h */,
			);
			path = Classes;
			sourceTree = "<group>";
		};
		95FAAA4F1A1B1EA900740311 /* Public */ = {
			isa = PBXGroup;
			children = (
				95FAAA501A1B1EA900740311 /* LoremIpsum */,
				95FAAA521A1B1EA900740311 /* SlackTextViewController */,
			);
			path = Public;
			sourceTree = "<group>";
		};
		95FAAA501A1B1EA900740311 /* LoremIpsum */ = {
			isa = PBXGroup;
			children = (
				95FAAA511A1B1EA900740311 /* LoremIpsum.h */,
			);
			path = LoremIpsum;
			sourceTree = "<group>";
		};
		95FAAA521A1B1EA900740311 /* SlackTextViewController */ = {
			isa = PBXGroup;
			children = (
				95FAAA531A1B1EA900740311 /* Additions */,
				95FAAA581A1B1EA900740311 /* Classes */,
			);
			path = SlackTextViewController;
			sourceTree = "<group>";
		};
		95FAAA531A1B1EA900740311 /* Additions */ = {
			isa = PBXGroup;
			children = (
				95FAAA541A1B1EA900740311 /* SLKUIConstants.h */,
				95FAAA551A1B1EA900740311 /* UIScrollView+SLKAdditions.h */,
				95FAAA561A1B1EA900740311 /* UITextView+SLKAdditions.h */,
				95FAAA571A1B1EA900740311 /* UIView+SLKAdditions.h */,
			);
			path = Additions;
			sourceTree = "<group>";
		};
		95FAAA581A1B1EA900740311 /* Classes */ = {
			isa = PBXGroup;
			children = (
				95FAAA591A1B1EA900740311 /* SLKInputAccessoryView.h */,
				95FAAA5A1A1B1EA900740311 /* SLKTextInputbar.h */,
				95FAAA5B1A1B1EA900740311 /* SLKTextView.h */,
				95FAAA5C1A1B1EA900740311 /* SLKTextViewController.h */,
				95FAAA5D1A1B1EA900740311 /* SLKTypingIndicatorView.h */,
			);
			path = Classes;
			sourceTree = "<group>";
		};
		95FAAA5E1A1B1EA900740311 /* Local Podspecs */ = {
			isa = PBXGroup;
			children = (
				95FAAA5F1A1B1EA900740311 /* SlackTextViewController.podspec */,
			);
			path = "Local Podspecs";
			sourceTree = "<group>";
		};
		95FAAA601A1B1EA900740311 /* LoremIpsum */ = {
			isa = PBXGroup;
			children = (
				95FAAA611A1B1EA900740311 /* License.markdown */,
				95FAAA621A1B1EA900740311 /* LoremIpsum */,
				95FAAA651A1B1EA900740311 /* Readme.markdown */,
			);
			path = LoremIpsum;
			sourceTree = "<group>";
		};
		95FAAA621A1B1EA900740311 /* LoremIpsum */ = {
			isa = PBXGroup;
			children = (
				95FAAA631A1B1EA900740311 /* LoremIpsum.h */,
				95FAAA641A1B1EA900740311 /* LoremIpsum.m */,
			);
			path = LoremIpsum;
			sourceTree = "<group>";
		};
		95FAAA681A1B1EA900740311 /* Products */ = {
			isa = PBXGroup;
			children = (
				95FAAA921A1B1EA900740311 /* libPods.a */,
				95FAAA941A1B1EA900740311 /* libPods-LoremIpsum.a */,
				95FAAA961A1B1EA900740311 /* libPods-SlackTextViewController.a */,
			);
			name = Products;
			sourceTree = "<group>";
		};
		95FAAA6A1A1B1EA900740311 /* Target Support Files */ = {
			isa = PBXGroup;
			children = (
				95FAAA6B1A1B1EA900740311 /* Pods */,
				95FAAA731A1B1EA900740311 /* Pods-LoremIpsum */,
				95FAAA781A1B1EA900740311 /* Pods-SlackTextViewController */,
			);
			path = "Target Support Files";
			sourceTree = "<group>";
		};
		95FAAA6B1A1B1EA900740311 /* Pods */ = {
			isa = PBXGroup;
			children = (
				95FAAA6C1A1B1EA900740311 /* Pods-acknowledgements.markdown */,
				95FAAA6D1A1B1EA900740311 /* Pods-acknowledgements.plist */,
				95FAAA6E1A1B1EA900740311 /* Pods-dummy.m */,
				95FAAA6F1A1B1EA900740311 /* Pods-environment.h */,
				95FAAA701A1B1EA900740311 /* Pods-resources.sh */,
				95FAAA711A1B1EA900740311 /* Pods.debug.xcconfig */,
				95FAAA721A1B1EA900740311 /* Pods.release.xcconfig */,
			);
			path = Pods;
			sourceTree = "<group>";
		};
		95FAAA731A1B1EA900740311 /* Pods-LoremIpsum */ = {
			isa = PBXGroup;
			children = (
				95FAAA741A1B1EA900740311 /* Pods-LoremIpsum-dummy.m */,
				95FAAA751A1B1EA900740311 /* Pods-LoremIpsum-prefix.pch */,
				95FAAA761A1B1EA900740311 /* Pods-LoremIpsum-Private.xcconfig */,
				95FAAA771A1B1EA900740311 /* Pods-LoremIpsum.xcconfig */,
			);
			path = "Pods-LoremIpsum";
			sourceTree = "<group>";
		};
		95FAAA781A1B1EA900740311 /* Pods-SlackTextViewController */ = {
			isa = PBXGroup;
			children = (
				95FAAA791A1B1EA900740311 /* Pods-SlackTextViewController-dummy.m */,
				95FAAA7A1A1B1EA900740311 /* Pods-SlackTextViewController-prefix.pch */,
				95FAAA7B1A1B1EA900740311 /* Pods-SlackTextViewController-Private.xcconfig */,
				95FAAA7C1A1B1EA900740311 /* Pods-SlackTextViewController.xcconfig */,
			);
			path = "Pods-SlackTextViewController";
			sourceTree = "<group>";
		};
		95FAAA971A1B1EC100740311 /* Source */ = {
			isa = PBXGroup;
			children = (
				95FAAA981A1B1EC100740311 /* Additions */,
				95FAAAA01A1B1EC100740311 /* Classes */,
			);
			path = Source;
			sourceTree = "<group>";
		};
		95FAAA981A1B1EC100740311 /* Additions */ = {
			isa = PBXGroup;
			children = (
				95FAAA991A1B1EC100740311 /* SLKUIConstants.h */,
				95FAAA9A1A1B1EC100740311 /* UIScrollView+SLKAdditions.h */,
				95FAAA9B1A1B1EC100740311 /* UIScrollView+SLKAdditions.m */,
				95FAAA9C1A1B1EC100740311 /* UITextView+SLKAdditions.h */,
				95FAAA9D1A1B1EC100740311 /* UITextView+SLKAdditions.m */,
				95FAAA9E1A1B1EC100740311 /* UIView+SLKAdditions.h */,
				95FAAA9F1A1B1EC100740311 /* UIView+SLKAdditions.m */,
			);
			path = Additions;
			sourceTree = "<group>";
		};
		95FAAAA01A1B1EC100740311 /* Classes */ = {
			isa = PBXGroup;
			children = (
				95FAAAA11A1B1EC100740311 /* SLKInputAccessoryView.h */,
				95FAAAA21A1B1EC100740311 /* SLKInputAccessoryView.m */,
				95FAAAA31A1B1EC100740311 /* SLKTextInputbar.h */,
				95FAAAA41A1B1EC100740311 /* SLKTextInputbar.m */,
				95FAAAA51A1B1EC100740311 /* SLKTextView.h */,
				95FAAAA61A1B1EC100740311 /* SLKTextView.m */,
				95FAAAA71A1B1EC100740311 /* SLKTextViewController.h */,
				95FAAAA81A1B1EC100740311 /* SLKTextViewController.m */,
				95FAAAA91A1B1EC100740311 /* SLKTypingIndicatorView.h */,
				95FAAAAA1A1B1EC100740311 /* SLKTypingIndicatorView.m */,
			);
			path = Classes;
			sourceTree = "<group>";
		};
/* End PBXGroup section */

/* Begin PBXNativeTarget section */
		459D5F7219DB449900C91EFA /* CommSync */ = {
			isa = PBXNativeTarget;
			buildConfigurationList = 459D5F9919DB449A00C91EFA /* Build configuration list for PBXNativeTarget "CommSync" */;
			buildPhases = (
				459D5F6F19DB449900C91EFA /* Sources */,
				459D5F7019DB449900C91EFA /* Frameworks */,
				459D5F7119DB449900C91EFA /* Resources */,
			);
			buildRules = (
			);
			dependencies = (
			);
			name = CommSync;
			productName = CommSync;
			productReference = 459D5F7319DB449900C91EFA /* CommSync.app */;
			productType = "com.apple.product-type.application";
		};
		459D5F8E19DB449A00C91EFA /* CommSyncTests */ = {
			isa = PBXNativeTarget;
			buildConfigurationList = 459D5F9C19DB449A00C91EFA /* Build configuration list for PBXNativeTarget "CommSyncTests" */;
			buildPhases = (
				459D5F8B19DB449A00C91EFA /* Sources */,
				459D5F8C19DB449A00C91EFA /* Frameworks */,
				459D5F8D19DB449A00C91EFA /* Resources */,
			);
			buildRules = (
			);
			dependencies = (
				459D5F9119DB449A00C91EFA /* PBXTargetDependency */,
			);
			name = CommSyncTests;
			productName = CommSyncTests;
			productReference = 459D5F8F19DB449A00C91EFA /* CommSyncTests.xctest */;
			productType = "com.apple.product-type.bundle.unit-test";
		};
/* End PBXNativeTarget section */

/* Begin PBXProject section */
		459D5F6B19DB449900C91EFA /* Project object */ = {
			isa = PBXProject;
			attributes = {
				LastUpgradeCheck = 0600;
				ORGANIZATIONNAME = AppsByDLI;
				TargetAttributes = {
					459D5F7219DB449900C91EFA = {
						CreatedOnToolsVersion = 6.0.1;
					};
					459D5F8E19DB449A00C91EFA = {
						CreatedOnToolsVersion = 6.0.1;
						TestTargetID = 459D5F7219DB449900C91EFA;
					};
				};
			};
			buildConfigurationList = 459D5F6E19DB449900C91EFA /* Build configuration list for PBXProject "CommSync" */;
			compatibilityVersion = "Xcode 3.2";
			developmentRegion = English;
			hasScannedForEncodings = 0;
			knownRegions = (
				en,
				Base,
			);
			mainGroup = 459D5F6A19DB449900C91EFA;
			productRefGroup = 459D5F7419DB449900C91EFA /* Products */;
			projectDirPath = "";
			projectReferences = (
				{
					ProductGroup = 95FAAA681A1B1EA900740311 /* Products */;
					ProjectRef = 95FAAA671A1B1EA900740311 /* Pods.xcodeproj */;
				},
			);
			projectRoot = "";
			targets = (
				459D5F7219DB449900C91EFA /* CommSync */,
				459D5F8E19DB449A00C91EFA /* CommSyncTests */,
			);
		};
/* End PBXProject section */

/* Begin PBXReferenceProxy section */
		95FAAA921A1B1EA900740311 /* libPods.a */ = {
			isa = PBXReferenceProxy;
			fileType = archive.ar;
			path = libPods.a;
			remoteRef = 95FAAA911A1B1EA900740311 /* PBXContainerItemProxy */;
			sourceTree = BUILT_PRODUCTS_DIR;
		};
		95FAAA941A1B1EA900740311 /* libPods-LoremIpsum.a */ = {
			isa = PBXReferenceProxy;
			fileType = archive.ar;
			path = "libPods-LoremIpsum.a";
			remoteRef = 95FAAA931A1B1EA900740311 /* PBXContainerItemProxy */;
			sourceTree = BUILT_PRODUCTS_DIR;
		};
		95FAAA961A1B1EA900740311 /* libPods-SlackTextViewController.a */ = {
			isa = PBXReferenceProxy;
			fileType = archive.ar;
			path = "libPods-SlackTextViewController.a";
			remoteRef = 95FAAA951A1B1EA900740311 /* PBXContainerItemProxy */;
			sourceTree = BUILT_PRODUCTS_DIR;
		};
/* End PBXReferenceProxy section */

/* Begin PBXResourcesBuildPhase section */
		459D5F7119DB449900C91EFA /* Resources */ = {
			isa = PBXResourcesBuildPhase;
			buildActionMask = 2147483647;
			files = (
				95FAAA8D1A1B1EA900740311 /* Pods-SlackTextViewController.xcconfig in Resources */,
				95FAAA891A1B1EA900740311 /* Pods-LoremIpsum-Private.xcconfig in Resources */,
				95FAAA811A1B1EA900740311 /* Manifest.lock in Resources */,
				95FAAA7D1A1B1EA900740311 /* SlackTextViewController.podspec in Resources */,
				95FAAA831A1B1EA900740311 /* Pods-acknowledgements.plist in Resources */,
				95FAAA8C1A1B1EA900740311 /* Pods-SlackTextViewController-Private.xcconfig in Resources */,
				95FAAA8A1A1B1EA900740311 /* Pods-LoremIpsum.xcconfig in Resources */,
				95FAAAB91A1B2DEE00740311 /* Main.storyboard in Resources */,
				95FAAA851A1B1EA900740311 /* Pods-resources.sh in Resources */,
				95FAAA861A1B1EA900740311 /* Pods.debug.xcconfig in Resources */,
				95FAAA871A1B1EA900740311 /* Pods.release.xcconfig in Resources */,
				459D5F8A19DB449900C91EFA /* LaunchScreen.xib in Resources */,
				459D5F8719DB449900C91EFA /* Images.xcassets in Resources */,
			);
			runOnlyForDeploymentPostprocessing = 0;
		};
		459D5F8D19DB449A00C91EFA /* Resources */ = {
			isa = PBXResourcesBuildPhase;
			buildActionMask = 2147483647;
			files = (
			);
			runOnlyForDeploymentPostprocessing = 0;
		};
/* End PBXResourcesBuildPhase section */

/* Begin PBXSourcesBuildPhase section */
		459D5F6F19DB449900C91EFA /* Sources */ = {
			isa = PBXSourcesBuildPhase;
			buildActionMask = 2147483647;
			files = (
				95FAAA7F1A1B1EA900740311 /* LoremIpsum.m in Sources */,
				95FAAAAF1A1B1EC100740311 /* SLKTextInputbar.m in Sources */,
				95FAAAB01A1B1EC100740311 /* SLKTextView.m in Sources */,
				95FAAA821A1B1EA900740311 /* Pods-acknowledgements.markdown in Sources */,
				95FAAA7E1A1B1EA900740311 /* License.markdown in Sources */,
				45B934CB1A0B0671003C2E30 /* CSTaskListManager.m in Sources */,
				459D5F7F19DB449900C91EFA /* CommSync.xcdatamodeld in Sources */,
				93031E061A0C1E2A00C3F919 /* CSTaskCreationViewController.m in Sources */,
				95FAAAB21A1B1EC100740311 /* SLKTypingIndicatorView.m in Sources */,
				95FAAAAC1A1B1EC100740311 /* UITextView+SLKAdditions.m in Sources */,
				95FAAA841A1B1EA900740311 /* Pods-dummy.m in Sources */,
				95FAAAB51A1B1FC800740311 /* MessageTableViewCell.m in Sources */,
				7444522C1A0ACEA800C87723 /* CSTaskViewController.m in Sources */,
				740998301A0C395A00229AFC /* CSSettingsViewController.m in Sources */,
				95FAAAAB1A1B1EC100740311 /* UIScrollView+SLKAdditions.m in Sources */,
				95FAAAAE1A1B1EC100740311 /* SLKInputAccessoryView.m in Sources */,
				459D5F7C19DB449900C91EFA /* AppDelegate.m in Sources */,
				95FAAA801A1B1EA900740311 /* Readme.markdown in Sources */,
				95FAAA8B1A1B1EA900740311 /* Pods-SlackTextViewController-dummy.m in Sources */,
				7444522F1A0ACEDB00C87723 /* CSUserViewController.m in Sources */,
				459D5F8219DB449900C91EFA /* MessageViewController.m in Sources */,
				95FAAAAD1A1B1EC100740311 /* UIView+SLKAdditions.m in Sources */,
				4595391E19E38F1F00744747 /* CSSessionManager.m in Sources */,
				95FAAA881A1B1EA900740311 /* Pods-LoremIpsum-dummy.m in Sources */,
				45B934CA1A0B0671003C2E30 /* CSTask.m in Sources */,
				95FAAAB11A1B1EC100740311 /* SLKTextViewController.m in Sources */,
				459D5F7919DB449900C91EFA /* main.m in Sources */,
			);
			runOnlyForDeploymentPostprocessing = 0;
		};
		459D5F8B19DB449A00C91EFA /* Sources */ = {
			isa = PBXSourcesBuildPhase;
			buildActionMask = 2147483647;
			files = (
				459D5F9619DB449A00C91EFA /* CommSyncTests.m in Sources */,
			);
			runOnlyForDeploymentPostprocessing = 0;
		};
/* End PBXSourcesBuildPhase section */

/* Begin PBXTargetDependency section */
		459D5F9119DB449A00C91EFA /* PBXTargetDependency */ = {
			isa = PBXTargetDependency;
			target = 459D5F7219DB449900C91EFA /* CommSync */;
			targetProxy = 459D5F9019DB449A00C91EFA /* PBXContainerItemProxy */;
		};
/* End PBXTargetDependency section */

/* Begin PBXVariantGroup section */
		459D5F8819DB449900C91EFA /* LaunchScreen.xib */ = {
			isa = PBXVariantGroup;
			children = (
				459D5F8919DB449900C91EFA /* Base */,
			);
			name = LaunchScreen.xib;
			sourceTree = "<group>";
		};
		95FAAAB71A1B2DEE00740311 /* Main.storyboard */ = {
			isa = PBXVariantGroup;
			children = (
				95FAAAB81A1B2DEE00740311 /* Base */,
			);
			name = Main.storyboard;
			sourceTree = "<group>";
		};
/* End PBXVariantGroup section */

/* Begin XCBuildConfiguration section */
		459D5F9719DB449A00C91EFA /* Debug */ = {
			isa = XCBuildConfiguration;
			buildSettings = {
				ALWAYS_SEARCH_USER_PATHS = NO;
				CLANG_CXX_LANGUAGE_STANDARD = "gnu++0x";
				CLANG_CXX_LIBRARY = "libc++";
				CLANG_ENABLE_MODULES = YES;
				CLANG_ENABLE_OBJC_ARC = YES;
				CLANG_WARN_BOOL_CONVERSION = YES;
				CLANG_WARN_CONSTANT_CONVERSION = YES;
				CLANG_WARN_DIRECT_OBJC_ISA_USAGE = YES_ERROR;
				CLANG_WARN_EMPTY_BODY = YES;
				CLANG_WARN_ENUM_CONVERSION = YES;
				CLANG_WARN_INT_CONVERSION = YES;
				CLANG_WARN_OBJC_ROOT_CLASS = YES_ERROR;
				CLANG_WARN_UNREACHABLE_CODE = YES;
				CLANG_WARN__DUPLICATE_METHOD_MATCH = YES;
				"CODE_SIGN_IDENTITY[sdk=iphoneos*]" = "iPhone Developer";
				COPY_PHASE_STRIP = NO;
				ENABLE_STRICT_OBJC_MSGSEND = YES;
				GCC_C_LANGUAGE_STANDARD = gnu99;
				GCC_DYNAMIC_NO_PIC = NO;
				GCC_OPTIMIZATION_LEVEL = 0;
				GCC_PREPROCESSOR_DEFINITIONS = (
					"DEBUG=1",
					"$(inherited)",
				);
				GCC_SYMBOLS_PRIVATE_EXTERN = NO;
				GCC_WARN_64_TO_32_BIT_CONVERSION = YES;
				GCC_WARN_ABOUT_RETURN_TYPE = YES_ERROR;
				GCC_WARN_UNDECLARED_SELECTOR = YES;
				GCC_WARN_UNINITIALIZED_AUTOS = YES_AGGRESSIVE;
				GCC_WARN_UNUSED_FUNCTION = YES;
				GCC_WARN_UNUSED_VARIABLE = YES;
				IPHONEOS_DEPLOYMENT_TARGET = 8.0;
				MTL_ENABLE_DEBUG_INFO = YES;
				ONLY_ACTIVE_ARCH = YES;
				SDKROOT = iphoneos;
				TARGETED_DEVICE_FAMILY = "1,2";
			};
			name = Debug;
		};
		459D5F9819DB449A00C91EFA /* Release */ = {
			isa = XCBuildConfiguration;
			buildSettings = {
				ALWAYS_SEARCH_USER_PATHS = NO;
				CLANG_CXX_LANGUAGE_STANDARD = "gnu++0x";
				CLANG_CXX_LIBRARY = "libc++";
				CLANG_ENABLE_MODULES = YES;
				CLANG_ENABLE_OBJC_ARC = YES;
				CLANG_WARN_BOOL_CONVERSION = YES;
				CLANG_WARN_CONSTANT_CONVERSION = YES;
				CLANG_WARN_DIRECT_OBJC_ISA_USAGE = YES_ERROR;
				CLANG_WARN_EMPTY_BODY = YES;
				CLANG_WARN_ENUM_CONVERSION = YES;
				CLANG_WARN_INT_CONVERSION = YES;
				CLANG_WARN_OBJC_ROOT_CLASS = YES_ERROR;
				CLANG_WARN_UNREACHABLE_CODE = YES;
				CLANG_WARN__DUPLICATE_METHOD_MATCH = YES;
				"CODE_SIGN_IDENTITY[sdk=iphoneos*]" = "iPhone Developer";
				COPY_PHASE_STRIP = YES;
				ENABLE_NS_ASSERTIONS = NO;
				ENABLE_STRICT_OBJC_MSGSEND = YES;
				GCC_C_LANGUAGE_STANDARD = gnu99;
				GCC_WARN_64_TO_32_BIT_CONVERSION = YES;
				GCC_WARN_ABOUT_RETURN_TYPE = YES_ERROR;
				GCC_WARN_UNDECLARED_SELECTOR = YES;
				GCC_WARN_UNINITIALIZED_AUTOS = YES_AGGRESSIVE;
				GCC_WARN_UNUSED_FUNCTION = YES;
				GCC_WARN_UNUSED_VARIABLE = YES;
				IPHONEOS_DEPLOYMENT_TARGET = 8.0;
				MTL_ENABLE_DEBUG_INFO = NO;
				SDKROOT = iphoneos;
				TARGETED_DEVICE_FAMILY = "1,2";
				VALIDATE_PRODUCT = YES;
			};
			name = Release;
		};
		459D5F9A19DB449A00C91EFA /* Debug */ = {
			isa = XCBuildConfiguration;
			buildSettings = {
				ASSETCATALOG_COMPILER_APPICON_NAME = AppIcon;
				INFOPLIST_FILE = CommSync/Info.plist;
				LD_RUNPATH_SEARCH_PATHS = "$(inherited) @executable_path/Frameworks";
				PRODUCT_NAME = "$(TARGET_NAME)";
			};
			name = Debug;
		};
		459D5F9B19DB449A00C91EFA /* Release */ = {
			isa = XCBuildConfiguration;
			buildSettings = {
				ASSETCATALOG_COMPILER_APPICON_NAME = AppIcon;
				INFOPLIST_FILE = CommSync/Info.plist;
				LD_RUNPATH_SEARCH_PATHS = "$(inherited) @executable_path/Frameworks";
				PRODUCT_NAME = "$(TARGET_NAME)";
			};
			name = Release;
		};
		459D5F9D19DB449A00C91EFA /* Debug */ = {
			isa = XCBuildConfiguration;
			buildSettings = {
				BUNDLE_LOADER = "$(TEST_HOST)";
				FRAMEWORK_SEARCH_PATHS = (
					"$(SDKROOT)/Developer/Library/Frameworks",
					"$(inherited)",
				);
				GCC_PREPROCESSOR_DEFINITIONS = (
					"DEBUG=1",
					"$(inherited)",
				);
				INFOPLIST_FILE = CommSyncTests/Info.plist;
				LD_RUNPATH_SEARCH_PATHS = "$(inherited) @executable_path/Frameworks @loader_path/Frameworks";
				PRODUCT_NAME = "$(TARGET_NAME)";
				TEST_HOST = "$(BUILT_PRODUCTS_DIR)/CommSync.app/CommSync";
			};
			name = Debug;
		};
		459D5F9E19DB449A00C91EFA /* Release */ = {
			isa = XCBuildConfiguration;
			buildSettings = {
				BUNDLE_LOADER = "$(TEST_HOST)";
				FRAMEWORK_SEARCH_PATHS = (
					"$(SDKROOT)/Developer/Library/Frameworks",
					"$(inherited)",
				);
				INFOPLIST_FILE = CommSyncTests/Info.plist;
				LD_RUNPATH_SEARCH_PATHS = "$(inherited) @executable_path/Frameworks @loader_path/Frameworks";
				PRODUCT_NAME = "$(TARGET_NAME)";
				TEST_HOST = "$(BUILT_PRODUCTS_DIR)/CommSync.app/CommSync";
			};
			name = Release;
		};
/* End XCBuildConfiguration section */

/* Begin XCConfigurationList section */
		459D5F6E19DB449900C91EFA /* Build configuration list for PBXProject "CommSync" */ = {
			isa = XCConfigurationList;
			buildConfigurations = (
				459D5F9719DB449A00C91EFA /* Debug */,
				459D5F9819DB449A00C91EFA /* Release */,
			);
			defaultConfigurationIsVisible = 0;
			defaultConfigurationName = Release;
		};
		459D5F9919DB449A00C91EFA /* Build configuration list for PBXNativeTarget "CommSync" */ = {
			isa = XCConfigurationList;
			buildConfigurations = (
				459D5F9A19DB449A00C91EFA /* Debug */,
				459D5F9B19DB449A00C91EFA /* Release */,
			);
			defaultConfigurationIsVisible = 0;
			defaultConfigurationName = Release;
		};
		459D5F9C19DB449A00C91EFA /* Build configuration list for PBXNativeTarget "CommSyncTests" */ = {
			isa = XCConfigurationList;
			buildConfigurations = (
				459D5F9D19DB449A00C91EFA /* Debug */,
				459D5F9E19DB449A00C91EFA /* Release */,
			);
			defaultConfigurationIsVisible = 0;
			defaultConfigurationName = Release;
		};
/* End XCConfigurationList section */

/* Begin XCVersionGroup section */
		459D5F7D19DB449900C91EFA /* CommSync.xcdatamodeld */ = {
			isa = XCVersionGroup;
			children = (
				459D5F7E19DB449900C91EFA /* CommSync.xcdatamodel */,
			);
			currentVersion = 459D5F7E19DB449900C91EFA /* CommSync.xcdatamodel */;
			path = CommSync.xcdatamodeld;
			sourceTree = "<group>";
			versionGroupType = wrapper.xcdatamodel;
		};
/* End XCVersionGroup section */
	};
	rootObject = 459D5F6B19DB449900C91EFA /* Project object */;
}
